// !$*UTF8*$!
{
	archiveVersion = 1;
	classes = {
	};
	objectVersion = 54;
	objects = {

/* Begin PBXBuildFile section */
		0B00BA64267C2343002DD5E5 /* GridColorCell.swift in Sources */ = {isa = PBXBuildFile; fileRef = 0B00BA63267C2343002DD5E5 /* GridColorCell.swift */; };
		0B568A89267D829D008B08F2 /* ListColorCellViewModel.swift in Sources */ = {isa = PBXBuildFile; fileRef = 0B568A88267D829D008B08F2 /* ListColorCellViewModel.swift */; };
		0B568A8D267D82BF008B08F2 /* ListPersonCellViewModel.swift in Sources */ = {isa = PBXBuildFile; fileRef = 0B568A8C267D82BF008B08F2 /* ListPersonCellViewModel.swift */; };
		0B8C6CF1267ED7160042DFE2 /* HeaderView.swift in Sources */ = {isa = PBXBuildFile; fileRef = 0B8C6CF0267ED7160042DFE2 /* HeaderView.swift */; };
		0B8C6CF3267ED7260042DFE2 /* FooterView.swift in Sources */ = {isa = PBXBuildFile; fileRef = 0B8C6CF2267ED7260042DFE2 /* FooterView.swift */; };
		0B8C6CF5267EE6D30042DFE2 /* ViewModel.swift in Sources */ = {isa = PBXBuildFile; fileRef = 0B8C6CF4267EE6D30042DFE2 /* ViewModel.swift */; };
		0B9FD6F426DD717D0015EECC /* ExampleCollectionViewController.swift in Sources */ = {isa = PBXBuildFile; fileRef = 0B9FD6F326DD717D0015EECC /* ExampleCollectionViewController.swift */; };
		0BC1EC22267FBE0E00FF774F /* FavoriteBadgeView.swift in Sources */ = {isa = PBXBuildFile; fileRef = 0BC1EC21267FBE0E00FF774F /* FavoriteBadgeView.swift */; };
		0BC546F426792EAA00E36D30 /* GridPersonCellViewModel.swift in Sources */ = {isa = PBXBuildFile; fileRef = 0BC546F326792EAA00E36D30 /* GridPersonCellViewModel.swift */; };
		0BD8E0052678073A004CFF13 /* ListViewController.swift in Sources */ = {isa = PBXBuildFile; fileRef = 0BD8E0042678073A004CFF13 /* ListViewController.swift */; };
		88072130236258C000E34B61 /* GridPersonCell.swift in Sources */ = {isa = PBXBuildFile; fileRef = 8807212E236258C000E34B61 /* GridPersonCell.swift */; };
		88072131236258C000E34B61 /* GridPersonCell.xib in Resources */ = {isa = PBXBuildFile; fileRef = 8807212F236258C000E34B61 /* GridPersonCell.xib */; };
		8829EA762361F4EB00604A43 /* AppDelegate.swift in Sources */ = {isa = PBXBuildFile; fileRef = 8829EA752361F4EB00604A43 /* AppDelegate.swift */; };
		8829EA782361F4EB00604A43 /* SceneDelegate.swift in Sources */ = {isa = PBXBuildFile; fileRef = 8829EA772361F4EB00604A43 /* SceneDelegate.swift */; };
		8829EA7C2361F4EB00604A43 /* GridViewController.swift in Sources */ = {isa = PBXBuildFile; fileRef = 8829EA7B2361F4EB00604A43 /* GridViewController.swift */; };
		8829EA7F2361F4EB00604A43 /* Main.storyboard in Resources */ = {isa = PBXBuildFile; fileRef = 8829EA7D2361F4EB00604A43 /* Main.storyboard */; };
		8829EA812361F4ED00604A43 /* Assets.xcassets in Resources */ = {isa = PBXBuildFile; fileRef = 8829EA802361F4ED00604A43 /* Assets.xcassets */; };
		8829EA842361F4ED00604A43 /* LaunchScreen.storyboard in Resources */ = {isa = PBXBuildFile; fileRef = 8829EA822361F4ED00604A43 /* LaunchScreen.storyboard */; };
		8829EA8F2361F4ED00604A43 /* ExampleTests.swift in Sources */ = {isa = PBXBuildFile; fileRef = 8829EA8E2361F4ED00604A43 /* ExampleTests.swift */; };
		8829EA9A2361F4ED00604A43 /* ExampleUITests.swift in Sources */ = {isa = PBXBuildFile; fileRef = 8829EA992361F4ED00604A43 /* ExampleUITests.swift */; };
		8847DEE3237172AC0075AAFE /* ColorModel.swift in Sources */ = {isa = PBXBuildFile; fileRef = 8847DEE2237172AC0075AAFE /* ColorModel.swift */; };
		8847DEE923717A940075AAFE /* Model.swift in Sources */ = {isa = PBXBuildFile; fileRef = 8847DEE823717A940075AAFE /* Model.swift */; };
		8863DAC123636D0E0094182F /* PersonViewController.swift in Sources */ = {isa = PBXBuildFile; fileRef = 8863DABF23636D0E0094182F /* PersonViewController.swift */; };
		8863DAC223636D0E0094182F /* PersonViewController.xib in Resources */ = {isa = PBXBuildFile; fileRef = 8863DAC023636D0E0094182F /* PersonViewController.xib */; };
		8863DAC5236371D10094182F /* PersonModel.swift in Sources */ = {isa = PBXBuildFile; fileRef = 88B4FEA5236244D500B284FB /* PersonModel.swift */; };
		88B4FEB3236251C600B284FB /* GridColorCellViewModel.swift in Sources */ = {isa = PBXBuildFile; fileRef = 88B4FEB2236251C600B284FB /* GridColorCellViewModel.swift */; };
		88FA491D2363A83E0061F8B2 /* ReactiveCollectionsKit.framework in Frameworks */ = {isa = PBXBuildFile; fileRef = 88FA491A2363A8130061F8B2 /* ReactiveCollectionsKit.framework */; };
		88FA491E2363A83E0061F8B2 /* ReactiveCollectionsKit.framework in Embed Frameworks */ = {isa = PBXBuildFile; fileRef = 88FA491A2363A8130061F8B2 /* ReactiveCollectionsKit.framework */; settings = {ATTRIBUTES = (CodeSignOnCopy, RemoveHeadersOnCopy, ); }; };
		88FA49332363C2E00061F8B2 /* UIKit+Extensions.swift in Sources */ = {isa = PBXBuildFile; fileRef = 88FA49322363C2E00061F8B2 /* UIKit+Extensions.swift */; };
/* End PBXBuildFile section */

/* Begin PBXContainerItemProxy section */
		8829EA8B2361F4ED00604A43 /* PBXContainerItemProxy */ = {
			isa = PBXContainerItemProxy;
			containerPortal = 8829EA6A2361F4EB00604A43 /* Project object */;
			proxyType = 1;
			remoteGlobalIDString = 8829EA712361F4EB00604A43;
			remoteInfo = Example;
		};
		8829EA962361F4ED00604A43 /* PBXContainerItemProxy */ = {
			isa = PBXContainerItemProxy;
			containerPortal = 8829EA6A2361F4EB00604A43 /* Project object */;
			proxyType = 1;
			remoteGlobalIDString = 8829EA712361F4EB00604A43;
			remoteInfo = Example;
		};
		88FA49192363A8130061F8B2 /* PBXContainerItemProxy */ = {
			isa = PBXContainerItemProxy;
			containerPortal = 88FA49142363A8130061F8B2 /* ReactiveCollectionsKit.xcodeproj */;
			proxyType = 2;
			remoteGlobalIDString = 88FA48DA2363A6160061F8B2;
			remoteInfo = ReactiveCollectionsKit;
		};
		88FA491B2363A8130061F8B2 /* PBXContainerItemProxy */ = {
			isa = PBXContainerItemProxy;
			containerPortal = 88FA49142363A8130061F8B2 /* ReactiveCollectionsKit.xcodeproj */;
			proxyType = 2;
			remoteGlobalIDString = 88FA48E32363A6160061F8B2;
			remoteInfo = ReactiveCollectionsKitTests;
		};
/* End PBXContainerItemProxy section */

/* Begin PBXCopyFilesBuildPhase section */
		88B4FEA42362446000B284FB /* Embed Frameworks */ = {
			isa = PBXCopyFilesBuildPhase;
			buildActionMask = 2147483647;
			dstPath = "";
			dstSubfolderSpec = 10;
			files = (
				88FA491E2363A83E0061F8B2 /* ReactiveCollectionsKit.framework in Embed Frameworks */,
			);
			name = "Embed Frameworks";
			runOnlyForDeploymentPostprocessing = 0;
		};
/* End PBXCopyFilesBuildPhase section */

/* Begin PBXFileReference section */
		0B00BA63267C2343002DD5E5 /* GridColorCell.swift */ = {isa = PBXFileReference; lastKnownFileType = sourcecode.swift; path = GridColorCell.swift; sourceTree = "<group>"; };
		0B568A88267D829D008B08F2 /* ListColorCellViewModel.swift */ = {isa = PBXFileReference; lastKnownFileType = sourcecode.swift; path = ListColorCellViewModel.swift; sourceTree = "<group>"; };
		0B568A8C267D82BF008B08F2 /* ListPersonCellViewModel.swift */ = {isa = PBXFileReference; lastKnownFileType = sourcecode.swift; path = ListPersonCellViewModel.swift; sourceTree = "<group>"; };
		0B8C6CF0267ED7160042DFE2 /* HeaderView.swift */ = {isa = PBXFileReference; lastKnownFileType = sourcecode.swift; path = HeaderView.swift; sourceTree = "<group>"; };
		0B8C6CF2267ED7260042DFE2 /* FooterView.swift */ = {isa = PBXFileReference; lastKnownFileType = sourcecode.swift; path = FooterView.swift; sourceTree = "<group>"; };
		0B8C6CF4267EE6D30042DFE2 /* ViewModel.swift */ = {isa = PBXFileReference; lastKnownFileType = sourcecode.swift; path = ViewModel.swift; sourceTree = "<group>"; };
		0B9FD6F326DD717D0015EECC /* ExampleCollectionViewController.swift */ = {isa = PBXFileReference; lastKnownFileType = sourcecode.swift; path = ExampleCollectionViewController.swift; sourceTree = "<group>"; };
		0BC1EC21267FBE0E00FF774F /* FavoriteBadgeView.swift */ = {isa = PBXFileReference; lastKnownFileType = sourcecode.swift; path = FavoriteBadgeView.swift; sourceTree = "<group>"; };
		0BC546F326792EAA00E36D30 /* GridPersonCellViewModel.swift */ = {isa = PBXFileReference; lastKnownFileType = sourcecode.swift; path = GridPersonCellViewModel.swift; sourceTree = "<group>"; };
		0BD8E0042678073A004CFF13 /* ListViewController.swift */ = {isa = PBXFileReference; lastKnownFileType = sourcecode.swift; path = ListViewController.swift; sourceTree = "<group>"; };
		8807212E236258C000E34B61 /* GridPersonCell.swift */ = {isa = PBXFileReference; lastKnownFileType = sourcecode.swift; path = GridPersonCell.swift; sourceTree = "<group>"; };
		8807212F236258C000E34B61 /* GridPersonCell.xib */ = {isa = PBXFileReference; lastKnownFileType = file.xib; path = GridPersonCell.xib; sourceTree = "<group>"; };
		8829EA722361F4EB00604A43 /* ExampleApp.app */ = {isa = PBXFileReference; explicitFileType = wrapper.application; includeInIndex = 0; path = ExampleApp.app; sourceTree = BUILT_PRODUCTS_DIR; };
		8829EA752361F4EB00604A43 /* AppDelegate.swift */ = {isa = PBXFileReference; lastKnownFileType = sourcecode.swift; path = AppDelegate.swift; sourceTree = "<group>"; };
		8829EA772361F4EB00604A43 /* SceneDelegate.swift */ = {isa = PBXFileReference; lastKnownFileType = sourcecode.swift; path = SceneDelegate.swift; sourceTree = "<group>"; };
		8829EA7B2361F4EB00604A43 /* GridViewController.swift */ = {isa = PBXFileReference; lastKnownFileType = sourcecode.swift; path = GridViewController.swift; sourceTree = "<group>"; };
		8829EA7E2361F4EB00604A43 /* Base */ = {isa = PBXFileReference; lastKnownFileType = file.storyboard; name = Base; path = Base.lproj/Main.storyboard; sourceTree = "<group>"; };
		8829EA802361F4ED00604A43 /* Assets.xcassets */ = {isa = PBXFileReference; lastKnownFileType = folder.assetcatalog; path = Assets.xcassets; sourceTree = "<group>"; };
		8829EA832361F4ED00604A43 /* Base */ = {isa = PBXFileReference; lastKnownFileType = file.storyboard; name = Base; path = Base.lproj/LaunchScreen.storyboard; sourceTree = "<group>"; };
		8829EA852361F4ED00604A43 /* Info.plist */ = {isa = PBXFileReference; lastKnownFileType = text.plist.xml; path = Info.plist; sourceTree = "<group>"; };
		8829EA8A2361F4ED00604A43 /* ExampleAppTests.xctest */ = {isa = PBXFileReference; explicitFileType = wrapper.cfbundle; includeInIndex = 0; path = ExampleAppTests.xctest; sourceTree = BUILT_PRODUCTS_DIR; };
		8829EA8E2361F4ED00604A43 /* ExampleTests.swift */ = {isa = PBXFileReference; lastKnownFileType = sourcecode.swift; path = ExampleTests.swift; sourceTree = "<group>"; };
		8829EA902361F4ED00604A43 /* Info.plist */ = {isa = PBXFileReference; lastKnownFileType = text.plist.xml; path = Info.plist; sourceTree = "<group>"; };
		8829EA952361F4ED00604A43 /* ExampleAppUITests.xctest */ = {isa = PBXFileReference; explicitFileType = wrapper.cfbundle; includeInIndex = 0; path = ExampleAppUITests.xctest; sourceTree = BUILT_PRODUCTS_DIR; };
		8829EA992361F4ED00604A43 /* ExampleUITests.swift */ = {isa = PBXFileReference; lastKnownFileType = sourcecode.swift; path = ExampleUITests.swift; sourceTree = "<group>"; };
		8829EA9B2361F4ED00604A43 /* Info.plist */ = {isa = PBXFileReference; lastKnownFileType = text.plist.xml; path = Info.plist; sourceTree = "<group>"; };
		8847DEE2237172AC0075AAFE /* ColorModel.swift */ = {isa = PBXFileReference; lastKnownFileType = sourcecode.swift; path = ColorModel.swift; sourceTree = "<group>"; };
		8847DEE823717A940075AAFE /* Model.swift */ = {isa = PBXFileReference; lastKnownFileType = sourcecode.swift; path = Model.swift; sourceTree = "<group>"; };
		8863DABF23636D0E0094182F /* PersonViewController.swift */ = {isa = PBXFileReference; lastKnownFileType = sourcecode.swift; path = PersonViewController.swift; sourceTree = "<group>"; };
		8863DAC023636D0E0094182F /* PersonViewController.xib */ = {isa = PBXFileReference; lastKnownFileType = file.xib; path = PersonViewController.xib; sourceTree = "<group>"; };
		88B4FEA5236244D500B284FB /* PersonModel.swift */ = {isa = PBXFileReference; lastKnownFileType = sourcecode.swift; path = PersonModel.swift; sourceTree = "<group>"; };
		88B4FEB2236251C600B284FB /* GridColorCellViewModel.swift */ = {isa = PBXFileReference; lastKnownFileType = sourcecode.swift; path = GridColorCellViewModel.swift; sourceTree = "<group>"; };
		88FA49142363A8130061F8B2 /* ReactiveCollectionsKit.xcodeproj */ = {isa = PBXFileReference; lastKnownFileType = "wrapper.pb-project"; name = ReactiveCollectionsKit.xcodeproj; path = ../ReactiveCollectionsKit.xcodeproj; sourceTree = "<group>"; };
		88FA49322363C2E00061F8B2 /* UIKit+Extensions.swift */ = {isa = PBXFileReference; lastKnownFileType = sourcecode.swift; path = "UIKit+Extensions.swift"; sourceTree = "<group>"; };
/* End PBXFileReference section */

/* Begin PBXFrameworksBuildPhase section */
		8829EA6F2361F4EB00604A43 /* Frameworks */ = {
			isa = PBXFrameworksBuildPhase;
			buildActionMask = 2147483647;
			files = (
				88FA491D2363A83E0061F8B2 /* ReactiveCollectionsKit.framework in Frameworks */,
			);
			runOnlyForDeploymentPostprocessing = 0;
		};
		8829EA872361F4ED00604A43 /* Frameworks */ = {
			isa = PBXFrameworksBuildPhase;
			buildActionMask = 2147483647;
			files = (
			);
			runOnlyForDeploymentPostprocessing = 0;
		};
		8829EA922361F4ED00604A43 /* Frameworks */ = {
			isa = PBXFrameworksBuildPhase;
			buildActionMask = 2147483647;
			files = (
			);
			runOnlyForDeploymentPostprocessing = 0;
		};
/* End PBXFrameworksBuildPhase section */

/* Begin PBXGroup section */
		0B8C6CED267ED7030042DFE2 /* SupplementaryViews */ = {
			isa = PBXGroup;
			children = (
				0B8C6CF2267ED7260042DFE2 /* FooterView.swift */,
				0B8C6CF0267ED7160042DFE2 /* HeaderView.swift */,
				0BC1EC21267FBE0E00FF774F /* FavoriteBadgeView.swift */,
			);
			path = SupplementaryViews;
			sourceTree = "<group>";
		};
		0BD8E0032678072B004CFF13 /* List */ = {
			isa = PBXGroup;
			children = (
				0B568A88267D829D008B08F2 /* ListColorCellViewModel.swift */,
				0B568A8C267D82BF008B08F2 /* ListPersonCellViewModel.swift */,
				0BD8E0042678073A004CFF13 /* ListViewController.swift */,
			);
			path = List;
			sourceTree = "<group>";
		};
		8829EA692361F4EB00604A43 = {
			isa = PBXGroup;
			children = (
				8829EA742361F4EB00604A43 /* Sources */,
				8829EA8D2361F4ED00604A43 /* Tests */,
				8829EA982361F4ED00604A43 /* UITests */,
				8829EA732361F4EB00604A43 /* Products */,
				88B4FEA12362446000B284FB /* Frameworks */,
				88FA49142363A8130061F8B2 /* ReactiveCollectionsKit.xcodeproj */,
			);
			sourceTree = "<group>";
		};
		8829EA732361F4EB00604A43 /* Products */ = {
			isa = PBXGroup;
			children = (
				8829EA722361F4EB00604A43 /* ExampleApp.app */,
				8829EA8A2361F4ED00604A43 /* ExampleAppTests.xctest */,
				8829EA952361F4ED00604A43 /* ExampleAppUITests.xctest */,
			);
			name = Products;
			sourceTree = "<group>";
		};
		8829EA742361F4EB00604A43 /* Sources */ = {
			isa = PBXGroup;
			children = (
				8829EA802361F4ED00604A43 /* Assets.xcassets */,
				8829EA852361F4ED00604A43 /* Info.plist */,
				8829EA822361F4ED00604A43 /* LaunchScreen.storyboard */,
				8829EA7D2361F4EB00604A43 /* Main.storyboard */,
				0BD8E0032678072B004CFF13 /* List */,
				88389EFC236DFE4E00DDECA5 /* Grid */,
				0B8C6CED267ED7030042DFE2 /* SupplementaryViews */,
				88389EFF236DFF0F00DDECA5 /* Models */,
				88389EFE236DFEAD00DDECA5 /* Main */,
			);
			path = Sources;
			sourceTree = "<group>";
		};
		8829EA8D2361F4ED00604A43 /* Tests */ = {
			isa = PBXGroup;
			children = (
				8829EA8E2361F4ED00604A43 /* ExampleTests.swift */,
				8829EA902361F4ED00604A43 /* Info.plist */,
			);
			path = Tests;
			sourceTree = "<group>";
		};
		8829EA982361F4ED00604A43 /* UITests */ = {
			isa = PBXGroup;
			children = (
				8829EA992361F4ED00604A43 /* ExampleUITests.swift */,
				8829EA9B2361F4ED00604A43 /* Info.plist */,
			);
			path = UITests;
			sourceTree = "<group>";
		};
		88389EFC236DFE4E00DDECA5 /* Grid */ = {
			isa = PBXGroup;
			children = (
				0B00BA63267C2343002DD5E5 /* GridColorCell.swift */,
				88B4FEB2236251C600B284FB /* GridColorCellViewModel.swift */,
				8807212E236258C000E34B61 /* GridPersonCell.swift */,
				8807212F236258C000E34B61 /* GridPersonCell.xib */,
				0BC546F326792EAA00E36D30 /* GridPersonCellViewModel.swift */,
				8829EA7B2361F4EB00604A43 /* GridViewController.swift */,
			);
			path = Grid;
			sourceTree = "<group>";
		};
		88389EFE236DFEAD00DDECA5 /* Main */ = {
			isa = PBXGroup;
			children = (
				8829EA752361F4EB00604A43 /* AppDelegate.swift */,
				0B9FD6F326DD717D0015EECC /* ExampleCollectionViewController.swift */,
				8863DABF23636D0E0094182F /* PersonViewController.swift */,
				8863DAC023636D0E0094182F /* PersonViewController.xib */,
				8829EA772361F4EB00604A43 /* SceneDelegate.swift */,
				88FA49322363C2E00061F8B2 /* UIKit+Extensions.swift */,
			);
			path = Main;
			sourceTree = "<group>";
		};
		88389EFF236DFF0F00DDECA5 /* Models */ = {
			isa = PBXGroup;
			children = (
				8847DEE2237172AC0075AAFE /* ColorModel.swift */,
				8847DEE823717A940075AAFE /* Model.swift */,
				88B4FEA5236244D500B284FB /* PersonModel.swift */,
				0B8C6CF4267EE6D30042DFE2 /* ViewModel.swift */,
			);
			path = Models;
			sourceTree = "<group>";
		};
		88B4FEA12362446000B284FB /* Frameworks */ = {
			isa = PBXGroup;
			children = (
			);
			name = Frameworks;
			sourceTree = "<group>";
		};
		88FA49152363A8130061F8B2 /* Products */ = {
			isa = PBXGroup;
			children = (
				88FA491A2363A8130061F8B2 /* ReactiveCollectionsKit.framework */,
				88FA491C2363A8130061F8B2 /* ReactiveCollectionsKitTests.xctest */,
			);
			name = Products;
			sourceTree = "<group>";
		};
/* End PBXGroup section */

/* Begin PBXNativeTarget section */
		8829EA712361F4EB00604A43 /* ExampleApp */ = {
			isa = PBXNativeTarget;
			buildConfigurationList = 8829EA9E2361F4ED00604A43 /* Build configuration list for PBXNativeTarget "ExampleApp" */;
			buildPhases = (
				8829EA6E2361F4EB00604A43 /* Sources */,
				8829EA6F2361F4EB00604A43 /* Frameworks */,
				8829EA702361F4EB00604A43 /* Resources */,
				88B4FEA42362446000B284FB /* Embed Frameworks */,
			);
			buildRules = (
			);
			dependencies = (
			);
			name = ExampleApp;
			productName = Example;
			productReference = 8829EA722361F4EB00604A43 /* ExampleApp.app */;
			productType = "com.apple.product-type.application";
		};
		8829EA892361F4ED00604A43 /* ExampleAppTests */ = {
			isa = PBXNativeTarget;
			buildConfigurationList = 8829EAA12361F4ED00604A43 /* Build configuration list for PBXNativeTarget "ExampleAppTests" */;
			buildPhases = (
				8829EA862361F4ED00604A43 /* Sources */,
				8829EA872361F4ED00604A43 /* Frameworks */,
				8829EA882361F4ED00604A43 /* Resources */,
			);
			buildRules = (
			);
			dependencies = (
				8829EA8C2361F4ED00604A43 /* PBXTargetDependency */,
			);
			name = ExampleAppTests;
			productName = ExampleTests;
			productReference = 8829EA8A2361F4ED00604A43 /* ExampleAppTests.xctest */;
			productType = "com.apple.product-type.bundle.unit-test";
		};
		8829EA942361F4ED00604A43 /* ExampleAppUITests */ = {
			isa = PBXNativeTarget;
			buildConfigurationList = 8829EAA42361F4ED00604A43 /* Build configuration list for PBXNativeTarget "ExampleAppUITests" */;
			buildPhases = (
				8829EA912361F4ED00604A43 /* Sources */,
				8829EA922361F4ED00604A43 /* Frameworks */,
				8829EA932361F4ED00604A43 /* Resources */,
			);
			buildRules = (
			);
			dependencies = (
				8829EA972361F4ED00604A43 /* PBXTargetDependency */,
			);
			name = ExampleAppUITests;
			productName = ExampleUITests;
			productReference = 8829EA952361F4ED00604A43 /* ExampleAppUITests.xctest */;
			productType = "com.apple.product-type.bundle.ui-testing";
		};
/* End PBXNativeTarget section */

/* Begin PBXProject section */
		8829EA6A2361F4EB00604A43 /* Project object */ = {
			isa = PBXProject;
			attributes = {
				LastSwiftUpdateCheck = 1110;
				LastUpgradeCheck = 1200;
				ORGANIZATIONNAME = "Hexed Bits";
				TargetAttributes = {
					8829EA712361F4EB00604A43 = {
						CreatedOnToolsVersion = 11.1;
					};
					8829EA892361F4ED00604A43 = {
						CreatedOnToolsVersion = 11.1;
						TestTargetID = 8829EA712361F4EB00604A43;
					};
					8829EA942361F4ED00604A43 = {
						CreatedOnToolsVersion = 11.1;
						TestTargetID = 8829EA712361F4EB00604A43;
					};
				};
			};
			buildConfigurationList = 8829EA6D2361F4EB00604A43 /* Build configuration list for PBXProject "ExampleApp" */;
			compatibilityVersion = "Xcode 12.0";
			developmentRegion = en;
			hasScannedForEncodings = 0;
			knownRegions = (
				en,
				Base,
			);
			mainGroup = 8829EA692361F4EB00604A43;
			productRefGroup = 8829EA732361F4EB00604A43 /* Products */;
			projectDirPath = "";
			projectReferences = (
				{
					ProductGroup = 88FA49152363A8130061F8B2 /* Products */;
					ProjectRef = 88FA49142363A8130061F8B2 /* ReactiveCollectionsKit.xcodeproj */;
				},
			);
			projectRoot = "";
			targets = (
				8829EA712361F4EB00604A43 /* ExampleApp */,
				8829EA892361F4ED00604A43 /* ExampleAppTests */,
				8829EA942361F4ED00604A43 /* ExampleAppUITests */,
			);
		};
/* End PBXProject section */

/* Begin PBXReferenceProxy section */
		88FA491A2363A8130061F8B2 /* ReactiveCollectionsKit.framework */ = {
			isa = PBXReferenceProxy;
			fileType = wrapper.framework;
			path = ReactiveCollectionsKit.framework;
			remoteRef = 88FA49192363A8130061F8B2 /* PBXContainerItemProxy */;
			sourceTree = BUILT_PRODUCTS_DIR;
		};
		88FA491C2363A8130061F8B2 /* ReactiveCollectionsKitTests.xctest */ = {
			isa = PBXReferenceProxy;
			fileType = wrapper.cfbundle;
			path = ReactiveCollectionsKitTests.xctest;
			remoteRef = 88FA491B2363A8130061F8B2 /* PBXContainerItemProxy */;
			sourceTree = BUILT_PRODUCTS_DIR;
		};
/* End PBXReferenceProxy section */

/* Begin PBXResourcesBuildPhase section */
		8829EA702361F4EB00604A43 /* Resources */ = {
			isa = PBXResourcesBuildPhase;
			buildActionMask = 2147483647;
			files = (
				88072131236258C000E34B61 /* GridPersonCell.xib in Resources */,
				8863DAC223636D0E0094182F /* PersonViewController.xib in Resources */,
				8829EA842361F4ED00604A43 /* LaunchScreen.storyboard in Resources */,
				8829EA812361F4ED00604A43 /* Assets.xcassets in Resources */,
				8829EA7F2361F4EB00604A43 /* Main.storyboard in Resources */,
			);
			runOnlyForDeploymentPostprocessing = 0;
		};
		8829EA882361F4ED00604A43 /* Resources */ = {
			isa = PBXResourcesBuildPhase;
			buildActionMask = 2147483647;
			files = (
			);
			runOnlyForDeploymentPostprocessing = 0;
		};
		8829EA932361F4ED00604A43 /* Resources */ = {
			isa = PBXResourcesBuildPhase;
			buildActionMask = 2147483647;
			files = (
			);
			runOnlyForDeploymentPostprocessing = 0;
		};
/* End PBXResourcesBuildPhase section */

/* Begin PBXSourcesBuildPhase section */
		8829EA6E2361F4EB00604A43 /* Sources */ = {
			isa = PBXSourcesBuildPhase;
			buildActionMask = 2147483647;
			files = (
				0B568A8D267D82BF008B08F2 /* ListPersonCellViewModel.swift in Sources */,
				8829EA7C2361F4EB00604A43 /* GridViewController.swift in Sources */,
				88B4FEB3236251C600B284FB /* GridColorCellViewModel.swift in Sources */,
				0B9FD6F426DD717D0015EECC /* ExampleCollectionViewController.swift in Sources */,
				0B568A89267D829D008B08F2 /* ListColorCellViewModel.swift in Sources */,
				0BD8E0052678073A004CFF13 /* ListViewController.swift in Sources */,
				88FA49332363C2E00061F8B2 /* UIKit+Extensions.swift in Sources */,
				8863DAC5236371D10094182F /* PersonModel.swift in Sources */,
				88072130236258C000E34B61 /* GridPersonCell.swift in Sources */,
				0BC546F426792EAA00E36D30 /* GridPersonCellViewModel.swift in Sources */,
				8847DEE3237172AC0075AAFE /* ColorModel.swift in Sources */,
				0B8C6CF5267EE6D30042DFE2 /* ViewModel.swift in Sources */,
				0BC1EC22267FBE0E00FF774F /* FavoriteBadgeView.swift in Sources */,
				8847DEE923717A940075AAFE /* Model.swift in Sources */,
				8829EA762361F4EB00604A43 /* AppDelegate.swift in Sources */,
				8863DAC123636D0E0094182F /* PersonViewController.swift in Sources */,
				0B00BA64267C2343002DD5E5 /* GridColorCell.swift in Sources */,
				8829EA782361F4EB00604A43 /* SceneDelegate.swift in Sources */,
				0B8C6CF1267ED7160042DFE2 /* HeaderView.swift in Sources */,
				0B8C6CF3267ED7260042DFE2 /* FooterView.swift in Sources */,
			);
			runOnlyForDeploymentPostprocessing = 0;
		};
		8829EA862361F4ED00604A43 /* Sources */ = {
			isa = PBXSourcesBuildPhase;
			buildActionMask = 2147483647;
			files = (
				8829EA8F2361F4ED00604A43 /* ExampleTests.swift in Sources */,
			);
			runOnlyForDeploymentPostprocessing = 0;
		};
		8829EA912361F4ED00604A43 /* Sources */ = {
			isa = PBXSourcesBuildPhase;
			buildActionMask = 2147483647;
			files = (
				8829EA9A2361F4ED00604A43 /* ExampleUITests.swift in Sources */,
			);
			runOnlyForDeploymentPostprocessing = 0;
		};
/* End PBXSourcesBuildPhase section */

/* Begin PBXTargetDependency section */
		8829EA8C2361F4ED00604A43 /* PBXTargetDependency */ = {
			isa = PBXTargetDependency;
			target = 8829EA712361F4EB00604A43 /* ExampleApp */;
			targetProxy = 8829EA8B2361F4ED00604A43 /* PBXContainerItemProxy */;
		};
		8829EA972361F4ED00604A43 /* PBXTargetDependency */ = {
			isa = PBXTargetDependency;
			target = 8829EA712361F4EB00604A43 /* ExampleApp */;
			targetProxy = 8829EA962361F4ED00604A43 /* PBXContainerItemProxy */;
		};
/* End PBXTargetDependency section */

/* Begin PBXVariantGroup section */
		8829EA7D2361F4EB00604A43 /* Main.storyboard */ = {
			isa = PBXVariantGroup;
			children = (
				8829EA7E2361F4EB00604A43 /* Base */,
			);
			name = Main.storyboard;
			sourceTree = "<group>";
		};
		8829EA822361F4ED00604A43 /* LaunchScreen.storyboard */ = {
			isa = PBXVariantGroup;
			children = (
				8829EA832361F4ED00604A43 /* Base */,
			);
			name = LaunchScreen.storyboard;
			sourceTree = "<group>";
		};
/* End PBXVariantGroup section */

/* Begin XCBuildConfiguration section */
		8829EA9C2361F4ED00604A43 /* Debug */ = {
			isa = XCBuildConfiguration;
			buildSettings = {
				ALWAYS_SEARCH_USER_PATHS = NO;
				CLANG_ANALYZER_NONNULL = YES;
				CLANG_ANALYZER_NUMBER_OBJECT_CONVERSION = YES_AGGRESSIVE;
				CLANG_CXX_LANGUAGE_STANDARD = "gnu++14";
				CLANG_CXX_LIBRARY = "libc++";
				CLANG_ENABLE_MODULES = YES;
				CLANG_ENABLE_OBJC_ARC = YES;
				CLANG_ENABLE_OBJC_WEAK = YES;
				CLANG_WARN_BLOCK_CAPTURE_AUTORELEASING = YES;
				CLANG_WARN_BOOL_CONVERSION = YES;
				CLANG_WARN_COMMA = YES;
				CLANG_WARN_CONSTANT_CONVERSION = YES;
				CLANG_WARN_DEPRECATED_OBJC_IMPLEMENTATIONS = YES;
				CLANG_WARN_DIRECT_OBJC_ISA_USAGE = YES_ERROR;
				CLANG_WARN_DOCUMENTATION_COMMENTS = YES;
				CLANG_WARN_EMPTY_BODY = YES;
				CLANG_WARN_ENUM_CONVERSION = YES;
				CLANG_WARN_INFINITE_RECURSION = YES;
				CLANG_WARN_INT_CONVERSION = YES;
				CLANG_WARN_NON_LITERAL_NULL_CONVERSION = YES;
				CLANG_WARN_OBJC_IMPLICIT_RETAIN_SELF = YES;
				CLANG_WARN_OBJC_LITERAL_CONVERSION = YES;
				CLANG_WARN_OBJC_ROOT_CLASS = YES_ERROR;
				CLANG_WARN_QUOTED_INCLUDE_IN_FRAMEWORK_HEADER = YES;
				CLANG_WARN_RANGE_LOOP_ANALYSIS = YES;
				CLANG_WARN_STRICT_PROTOTYPES = YES;
				CLANG_WARN_SUSPICIOUS_MOVE = YES;
				CLANG_WARN_UNGUARDED_AVAILABILITY = YES_AGGRESSIVE;
				CLANG_WARN_UNREACHABLE_CODE = YES;
				CLANG_WARN__DUPLICATE_METHOD_MATCH = YES;
				COPY_PHASE_STRIP = NO;
				DEBUG_INFORMATION_FORMAT = dwarf;
				ENABLE_STRICT_OBJC_MSGSEND = YES;
				ENABLE_TESTABILITY = YES;
				GCC_C_LANGUAGE_STANDARD = gnu11;
				GCC_DYNAMIC_NO_PIC = NO;
				GCC_NO_COMMON_BLOCKS = YES;
				GCC_OPTIMIZATION_LEVEL = 0;
				GCC_PREPROCESSOR_DEFINITIONS = (
					"DEBUG=1",
					"$(inherited)",
				);
				GCC_WARN_64_TO_32_BIT_CONVERSION = YES;
				GCC_WARN_ABOUT_RETURN_TYPE = YES_ERROR;
				GCC_WARN_UNDECLARED_SELECTOR = YES;
				GCC_WARN_UNINITIALIZED_AUTOS = YES_AGGRESSIVE;
				GCC_WARN_UNUSED_FUNCTION = YES;
				GCC_WARN_UNUSED_VARIABLE = YES;
				IPHONEOS_DEPLOYMENT_TARGET = 14.1;
				MTL_ENABLE_DEBUG_INFO = INCLUDE_SOURCE;
				MTL_FAST_MATH = YES;
				ONLY_ACTIVE_ARCH = YES;
				SDKROOT = iphoneos;
				SWIFT_ACTIVE_COMPILATION_CONDITIONS = DEBUG;
				SWIFT_OPTIMIZATION_LEVEL = "-Onone";
				SWIFT_VERSION = 5.0;
				TARGETED_DEVICE_FAMILY = "1,2";
			};
			name = Debug;
		};
		8829EA9D2361F4ED00604A43 /* Release */ = {
			isa = XCBuildConfiguration;
			buildSettings = {
				ALWAYS_SEARCH_USER_PATHS = NO;
				CLANG_ANALYZER_NONNULL = YES;
				CLANG_ANALYZER_NUMBER_OBJECT_CONVERSION = YES_AGGRESSIVE;
				CLANG_CXX_LANGUAGE_STANDARD = "gnu++14";
				CLANG_CXX_LIBRARY = "libc++";
				CLANG_ENABLE_MODULES = YES;
				CLANG_ENABLE_OBJC_ARC = YES;
				CLANG_ENABLE_OBJC_WEAK = YES;
				CLANG_WARN_BLOCK_CAPTURE_AUTORELEASING = YES;
				CLANG_WARN_BOOL_CONVERSION = YES;
				CLANG_WARN_COMMA = YES;
				CLANG_WARN_CONSTANT_CONVERSION = YES;
				CLANG_WARN_DEPRECATED_OBJC_IMPLEMENTATIONS = YES;
				CLANG_WARN_DIRECT_OBJC_ISA_USAGE = YES_ERROR;
				CLANG_WARN_DOCUMENTATION_COMMENTS = YES;
				CLANG_WARN_EMPTY_BODY = YES;
				CLANG_WARN_ENUM_CONVERSION = YES;
				CLANG_WARN_INFINITE_RECURSION = YES;
				CLANG_WARN_INT_CONVERSION = YES;
				CLANG_WARN_NON_LITERAL_NULL_CONVERSION = YES;
				CLANG_WARN_OBJC_IMPLICIT_RETAIN_SELF = YES;
				CLANG_WARN_OBJC_LITERAL_CONVERSION = YES;
				CLANG_WARN_OBJC_ROOT_CLASS = YES_ERROR;
				CLANG_WARN_QUOTED_INCLUDE_IN_FRAMEWORK_HEADER = YES;
				CLANG_WARN_RANGE_LOOP_ANALYSIS = YES;
				CLANG_WARN_STRICT_PROTOTYPES = YES;
				CLANG_WARN_SUSPICIOUS_MOVE = YES;
				CLANG_WARN_UNGUARDED_AVAILABILITY = YES_AGGRESSIVE;
				CLANG_WARN_UNREACHABLE_CODE = YES;
				CLANG_WARN__DUPLICATE_METHOD_MATCH = YES;
				COPY_PHASE_STRIP = NO;
				DEBUG_INFORMATION_FORMAT = "dwarf-with-dsym";
				ENABLE_NS_ASSERTIONS = NO;
				ENABLE_STRICT_OBJC_MSGSEND = YES;
				GCC_C_LANGUAGE_STANDARD = gnu11;
				GCC_NO_COMMON_BLOCKS = YES;
				GCC_WARN_64_TO_32_BIT_CONVERSION = YES;
				GCC_WARN_ABOUT_RETURN_TYPE = YES_ERROR;
				GCC_WARN_UNDECLARED_SELECTOR = YES;
				GCC_WARN_UNINITIALIZED_AUTOS = YES_AGGRESSIVE;
				GCC_WARN_UNUSED_FUNCTION = YES;
				GCC_WARN_UNUSED_VARIABLE = YES;
				IPHONEOS_DEPLOYMENT_TARGET = 14.1;
				MTL_ENABLE_DEBUG_INFO = NO;
				MTL_FAST_MATH = YES;
				SDKROOT = iphoneos;
				SWIFT_COMPILATION_MODE = wholemodule;
				SWIFT_OPTIMIZATION_LEVEL = "-O";
				SWIFT_VERSION = 5.0;
				TARGETED_DEVICE_FAMILY = "1,2";
				VALIDATE_PRODUCT = YES;
			};
			name = Release;
		};
		8829EA9F2361F4ED00604A43 /* Debug */ = {
			isa = XCBuildConfiguration;
			buildSettings = {
				ASSETCATALOG_COMPILER_APPICON_NAME = AppIcon;
				CODE_SIGN_IDENTITY = "iPhone Developer";
				CODE_SIGN_STYLE = Manual;
				DEVELOPMENT_TEAM = 5VRJU68BZ5;
				INFOPLIST_FILE = Sources/Info.plist;
				LD_RUNPATH_SEARCH_PATHS = (
					"$(inherited)",
					"@executable_path/Frameworks",
				);
				PRODUCT_BUNDLE_IDENTIFIER = com.hexedbits.ExampleApp;
				PRODUCT_NAME = ExampleApp;
				PROVISIONING_PROFILE_SPECIFIER = "Hexed Bits *";
				TARGETED_DEVICE_FAMILY = "1,2";
			};
			name = Debug;
		};
		8829EAA02361F4ED00604A43 /* Release */ = {
			isa = XCBuildConfiguration;
			buildSettings = {
				ASSETCATALOG_COMPILER_APPICON_NAME = AppIcon;
				CODE_SIGN_IDENTITY = "iPhone Developer";
				CODE_SIGN_STYLE = Manual;
				DEVELOPMENT_TEAM = 5VRJU68BZ5;
				INFOPLIST_FILE = Sources/Info.plist;
				LD_RUNPATH_SEARCH_PATHS = (
					"$(inherited)",
					"@executable_path/Frameworks",
				);
				PRODUCT_BUNDLE_IDENTIFIER = com.hexedbits.ExampleApp;
				PRODUCT_NAME = ExampleApp;
				PROVISIONING_PROFILE_SPECIFIER = "Hexed Bits *";
				TARGETED_DEVICE_FAMILY = "1,2";
			};
			name = Release;
		};
		8829EAA22361F4ED00604A43 /* Debug */ = {
			isa = XCBuildConfiguration;
			buildSettings = {
				ALWAYS_EMBED_SWIFT_STANDARD_LIBRARIES = YES;
				BUNDLE_LOADER = "$(TEST_HOST)";
				"CODE_SIGN_IDENTITY[sdk=macosx*]" = "-";
				CODE_SIGN_STYLE = Manual;
				DEVELOPMENT_TEAM = "";
				INFOPLIST_FILE = Tests/Info.plist;
				LD_RUNPATH_SEARCH_PATHS = (
					"$(inherited)",
					"@executable_path/Frameworks",
					"@loader_path/Frameworks",
				);
				PRODUCT_BUNDLE_IDENTIFIER = com.hexedbits.ExampleTests;
				PRODUCT_NAME = "$(TARGET_NAME)";
				PROVISIONING_PROFILE_SPECIFIER = "";
				"PROVISIONING_PROFILE_SPECIFIER[sdk=macosx*]" = "";
				TEST_HOST = "$(BUILT_PRODUCTS_DIR)/ExampleApp.app/ExampleApp";
			};
			name = Debug;
		};
		8829EAA32361F4ED00604A43 /* Release */ = {
			isa = XCBuildConfiguration;
			buildSettings = {
				ALWAYS_EMBED_SWIFT_STANDARD_LIBRARIES = YES;
				BUNDLE_LOADER = "$(TEST_HOST)";
				"CODE_SIGN_IDENTITY[sdk=macosx*]" = "-";
				CODE_SIGN_STYLE = Manual;
				DEVELOPMENT_TEAM = "";
				INFOPLIST_FILE = Tests/Info.plist;
				LD_RUNPATH_SEARCH_PATHS = (
					"$(inherited)",
					"@executable_path/Frameworks",
					"@loader_path/Frameworks",
				);
				PRODUCT_BUNDLE_IDENTIFIER = com.hexedbits.ExampleTests;
				PRODUCT_NAME = "$(TARGET_NAME)";
				PROVISIONING_PROFILE_SPECIFIER = "";
				"PROVISIONING_PROFILE_SPECIFIER[sdk=macosx*]" = "";
				TEST_HOST = "$(BUILT_PRODUCTS_DIR)/ExampleApp.app/ExampleApp";
			};
			name = Release;
		};
		8829EAA52361F4ED00604A43 /* Debug */ = {
			isa = XCBuildConfiguration;
			buildSettings = {
				ALWAYS_EMBED_SWIFT_STANDARD_LIBRARIES = YES;
				CODE_SIGN_IDENTITY = "iPhone Developer";
				"CODE_SIGN_IDENTITY[sdk=macosx*]" = "-";
				CODE_SIGN_STYLE = Manual;
				DEVELOPMENT_TEAM = 5VRJU68BZ5;
				INFOPLIST_FILE = UITests/Info.plist;
				LD_RUNPATH_SEARCH_PATHS = (
					"$(inherited)",
					"@executable_path/Frameworks",
					"@loader_path/Frameworks",
				);
				PRODUCT_BUNDLE_IDENTIFIER = com.hexedbits.ExampleUITests;
				PRODUCT_NAME = "$(TARGET_NAME)";
				PROVISIONING_PROFILE_SPECIFIER = "Hexed Bits *";
				"PROVISIONING_PROFILE_SPECIFIER[sdk=macosx*]" = "";
				TEST_TARGET_NAME = Example;
			};
			name = Debug;
		};
		8829EAA62361F4ED00604A43 /* Release */ = {
			isa = XCBuildConfiguration;
			buildSettings = {
				ALWAYS_EMBED_SWIFT_STANDARD_LIBRARIES = YES;
				CODE_SIGN_IDENTITY = "iPhone Developer";
				"CODE_SIGN_IDENTITY[sdk=macosx*]" = "-";
				CODE_SIGN_STYLE = Manual;
				DEVELOPMENT_TEAM = 5VRJU68BZ5;
				INFOPLIST_FILE = UITests/Info.plist;
				LD_RUNPATH_SEARCH_PATHS = (
					"$(inherited)",
					"@executable_path/Frameworks",
					"@loader_path/Frameworks",
				);
				PRODUCT_BUNDLE_IDENTIFIER = com.hexedbits.ExampleUITests;
				PRODUCT_NAME = "$(TARGET_NAME)";
				PROVISIONING_PROFILE_SPECIFIER = "Hexed Bits *";
				"PROVISIONING_PROFILE_SPECIFIER[sdk=macosx*]" = "";
				TEST_TARGET_NAME = Example;
			};
			name = Release;
		};
/* End XCBuildConfiguration section */

/* Begin XCConfigurationList section */
		8829EA6D2361F4EB00604A43 /* Build configuration list for PBXProject "ExampleApp" */ = {
			isa = XCConfigurationList;
			buildConfigurations = (
				8829EA9C2361F4ED00604A43 /* Debug */,
				8829EA9D2361F4ED00604A43 /* Release */,
			);
			defaultConfigurationIsVisible = 0;
			defaultConfigurationName = Release;
		};
		8829EA9E2361F4ED00604A43 /* Build configuration list for PBXNativeTarget "ExampleApp" */ = {
			isa = XCConfigurationList;
			buildConfigurations = (
				8829EA9F2361F4ED00604A43 /* Debug */,
				8829EAA02361F4ED00604A43 /* Release */,
			);
			defaultConfigurationIsVisible = 0;
			defaultConfigurationName = Release;
		};
		8829EAA12361F4ED00604A43 /* Build configuration list for PBXNativeTarget "ExampleAppTests" */ = {
			isa = XCConfigurationList;
			buildConfigurations = (
				8829EAA22361F4ED00604A43 /* Debug */,
				8829EAA32361F4ED00604A43 /* Release */,
			);
			defaultConfigurationIsVisible = 0;
			defaultConfigurationName = Release;
		};
		8829EAA42361F4ED00604A43 /* Build configuration list for PBXNativeTarget "ExampleAppUITests" */ = {
			isa = XCConfigurationList;
			buildConfigurations = (
				8829EAA52361F4ED00604A43 /* Debug */,
				8829EAA62361F4ED00604A43 /* Release */,
			);
			defaultConfigurationIsVisible = 0;
			defaultConfigurationName = Release;
		};
/* End XCConfigurationList section */
	};
	rootObject = 8829EA6A2361F4EB00604A43 /* Project object */;
}
