// !$*UTF8*$!
{
	archiveVersion = 1;
	classes = {
	};
	objectVersion = 56;
	objects = {

/* Begin PBXBuildFile section */
		0B0B5AA52BFF0FDB0037BC02 /* EmptyView.swift in Sources */ = {isa = PBXBuildFile; fileRef = 0B0B5AA42BFF0FDB0037BC02 /* EmptyView.swift */; };
		0B31B9482BCC62A5006F2078 /* Assets.xcassets in Resources */ = {isa = PBXBuildFile; fileRef = 0B31B9472BCC62A5006F2078 /* Assets.xcassets */; };
		0B31B94B2BCC62A5006F2078 /* Base in Resources */ = {isa = PBXBuildFile; fileRef = 0B31B94A2BCC62A5006F2078 /* Base */; };
		0B31B9722BCC6302006F2078 /* ExampleTests.swift in Sources */ = {isa = PBXBuildFile; fileRef = 0B31B9702BCC62FD006F2078 /* ExampleTests.swift */; };
		0B31B9732BCC6305006F2078 /* ExampleUITests.swift in Sources */ = {isa = PBXBuildFile; fileRef = 0B31B96E2BCC62F0006F2078 /* ExampleUITests.swift */; };
		0B31B9932BCC6349006F2078 /* ColorModel.swift in Sources */ = {isa = PBXBuildFile; fileRef = 0B31B9752BCC6349006F2078 /* ColorModel.swift */; };
		0B31B9942BCC6349006F2078 /* Model.swift in Sources */ = {isa = PBXBuildFile; fileRef = 0B31B9762BCC6349006F2078 /* Model.swift */; };
		0B31B9952BCC6349006F2078 /* PersonModel.swift in Sources */ = {isa = PBXBuildFile; fileRef = 0B31B9772BCC6349006F2078 /* PersonModel.swift */; };
		0B31B9972BCC6349006F2078 /* FavoriteBadgeView.swift in Sources */ = {isa = PBXBuildFile; fileRef = 0B31B97A2BCC6349006F2078 /* FavoriteBadgeView.swift */; };
		0B31B9982BCC6349006F2078 /* FavoriteBadgeViewModel.swift in Sources */ = {isa = PBXBuildFile; fileRef = 0B31B97B2BCC6349006F2078 /* FavoriteBadgeViewModel.swift */; };
		0B31B9992BCC6349006F2078 /* FooterView.swift in Sources */ = {isa = PBXBuildFile; fileRef = 0B31B97C2BCC6349006F2078 /* FooterView.swift */; };
		0B31B99A2BCC6349006F2078 /* HeaderView.swift in Sources */ = {isa = PBXBuildFile; fileRef = 0B31B97D2BCC6349006F2078 /* HeaderView.swift */; };
		0B31B99B2BCC6349006F2078 /* ColorCellViewModelList.swift in Sources */ = {isa = PBXBuildFile; fileRef = 0B31B97F2BCC6349006F2078 /* ColorCellViewModelList.swift */; };
		0B31B99C2BCC6349006F2078 /* PersonCellViewModelList.swift in Sources */ = {isa = PBXBuildFile; fileRef = 0B31B9802BCC6349006F2078 /* PersonCellViewModelList.swift */; };
		0B31B99D2BCC6349006F2078 /* ListViewController.swift in Sources */ = {isa = PBXBuildFile; fileRef = 0B31B9812BCC6349006F2078 /* ListViewController.swift */; };
		0B31B99E2BCC6349006F2078 /* GridColorCell.swift in Sources */ = {isa = PBXBuildFile; fileRef = 0B31B9832BCC6349006F2078 /* GridColorCell.swift */; };
		0B31B99F2BCC6349006F2078 /* ColorCellViewModelGrid.swift in Sources */ = {isa = PBXBuildFile; fileRef = 0B31B9842BCC6349006F2078 /* ColorCellViewModelGrid.swift */; };
		0B31B9A02BCC6349006F2078 /* GridPersonCell.swift in Sources */ = {isa = PBXBuildFile; fileRef = 0B31B9852BCC6349006F2078 /* GridPersonCell.swift */; };
		0B31B9A12BCC6349006F2078 /* GridPersonCell.xib in Resources */ = {isa = PBXBuildFile; fileRef = 0B31B9862BCC6349006F2078 /* GridPersonCell.xib */; };
		0B31B9A22BCC6349006F2078 /* PersonCellViewModelGrid.swift in Sources */ = {isa = PBXBuildFile; fileRef = 0B31B9872BCC6349006F2078 /* PersonCellViewModelGrid.swift */; };
		0B31B9A32BCC6349006F2078 /* GridViewController.swift in Sources */ = {isa = PBXBuildFile; fileRef = 0B31B9882BCC6349006F2078 /* GridViewController.swift */; };
		0B31B9A42BCC6349006F2078 /* AppDelegate.swift in Sources */ = {isa = PBXBuildFile; fileRef = 0B31B98A2BCC6349006F2078 /* AppDelegate.swift */; };
		0B31B9A52BCC6349006F2078 /* ExampleViewController.swift in Sources */ = {isa = PBXBuildFile; fileRef = 0B31B98B2BCC6349006F2078 /* ExampleViewController.swift */; };
		0B31B9A62BCC6349006F2078 /* PersonViewController.swift in Sources */ = {isa = PBXBuildFile; fileRef = 0B31B98C2BCC6349006F2078 /* PersonViewController.swift */; };
		0B31B9A72BCC6349006F2078 /* PersonViewController.xib in Resources */ = {isa = PBXBuildFile; fileRef = 0B31B98D2BCC6349006F2078 /* PersonViewController.xib */; };
		0B31B9A92BCC6349006F2078 /* UIKit+Extensions.swift in Sources */ = {isa = PBXBuildFile; fileRef = 0B31B98F2BCC6349006F2078 /* UIKit+Extensions.swift */; };
		0B31B9AA2BCC6349006F2078 /* SimpleStaticViewController.swift in Sources */ = {isa = PBXBuildFile; fileRef = 0B31B9912BCC6349006F2078 /* SimpleStaticViewController.swift */; };
		0B31B9B52BCC63D4006F2078 /* ReactiveCollectionsKit.framework in Frameworks */ = {isa = PBXBuildFile; fileRef = 0B31B9B12BCC63BE006F2078 /* ReactiveCollectionsKit.framework */; };
		0B31B9B62BCC63D4006F2078 /* ReactiveCollectionsKit.framework in Embed Frameworks */ = {isa = PBXBuildFile; fileRef = 0B31B9B12BCC63BE006F2078 /* ReactiveCollectionsKit.framework */; settings = {ATTRIBUTES = (CodeSignOnCopy, RemoveHeadersOnCopy, ); }; };
		0B31B9BF2BCC6A24006F2078 /* ColorViewController.swift in Sources */ = {isa = PBXBuildFile; fileRef = 0B31B9BE2BCC6A24006F2078 /* ColorViewController.swift */; };
/* End PBXBuildFile section */

/* Begin PBXContainerItemProxy section */
		0B31B9522BCC62A5006F2078 /* PBXContainerItemProxy */ = {
			isa = PBXContainerItemProxy;
			containerPortal = 0B31B9332BCC62A4006F2078 /* Project object */;
			proxyType = 1;
			remoteGlobalIDString = 0B31B93A2BCC62A4006F2078;
			remoteInfo = ExampleApp;
		};
		0B31B95C2BCC62A5006F2078 /* PBXContainerItemProxy */ = {
			isa = PBXContainerItemProxy;
			containerPortal = 0B31B9332BCC62A4006F2078 /* Project object */;
			proxyType = 1;
			remoteGlobalIDString = 0B31B93A2BCC62A4006F2078;
			remoteInfo = ExampleApp;
		};
		0B31B9B02BCC63BE006F2078 /* PBXContainerItemProxy */ = {
			isa = PBXContainerItemProxy;
			containerPortal = 0B31B9AB2BCC63BE006F2078 /* ReactiveCollectionsKit.xcodeproj */;
			proxyType = 2;
			remoteGlobalIDString = 88FA48DA2363A6160061F8B2;
			remoteInfo = ReactiveCollectionsKit;
		};
		0B31B9B22BCC63BE006F2078 /* PBXContainerItemProxy */ = {
			isa = PBXContainerItemProxy;
			containerPortal = 0B31B9AB2BCC63BE006F2078 /* ReactiveCollectionsKit.xcodeproj */;
			proxyType = 2;
			remoteGlobalIDString = 88FA48E32363A6160061F8B2;
			remoteInfo = ReactiveCollectionsKitTests;
		};
/* End PBXContainerItemProxy section */

/* Begin PBXCopyFilesBuildPhase section */
		0B31B9B72BCC63D4006F2078 /* Embed Frameworks */ = {
			isa = PBXCopyFilesBuildPhase;
			buildActionMask = 2147483647;
			dstPath = "";
			dstSubfolderSpec = 10;
			files = (
				0B31B9B62BCC63D4006F2078 /* ReactiveCollectionsKit.framework in Embed Frameworks */,
			);
			name = "Embed Frameworks";
			runOnlyForDeploymentPostprocessing = 0;
		};
/* End PBXCopyFilesBuildPhase section */

/* Begin PBXFileReference section */
		0B0B5AA42BFF0FDB0037BC02 /* EmptyView.swift */ = {isa = PBXFileReference; lastKnownFileType = sourcecode.swift; path = EmptyView.swift; sourceTree = "<group>"; };
		0B31B93B2BCC62A4006F2078 /* ExampleApp.app */ = {isa = PBXFileReference; explicitFileType = wrapper.application; includeInIndex = 0; path = ExampleApp.app; sourceTree = BUILT_PRODUCTS_DIR; };
		0B31B9472BCC62A5006F2078 /* Assets.xcassets */ = {isa = PBXFileReference; lastKnownFileType = folder.assetcatalog; path = Assets.xcassets; sourceTree = "<group>"; };
		0B31B94A2BCC62A5006F2078 /* Base */ = {isa = PBXFileReference; lastKnownFileType = file.storyboard; name = Base; path = Base.lproj/LaunchScreen.storyboard; sourceTree = "<group>"; };
		0B31B9512BCC62A5006F2078 /* ExampleAppTests.xctest */ = {isa = PBXFileReference; explicitFileType = wrapper.cfbundle; includeInIndex = 0; path = ExampleAppTests.xctest; sourceTree = BUILT_PRODUCTS_DIR; };
		0B31B95B2BCC62A5006F2078 /* ExampleAppUITests.xctest */ = {isa = PBXFileReference; explicitFileType = wrapper.cfbundle; includeInIndex = 0; path = ExampleAppUITests.xctest; sourceTree = BUILT_PRODUCTS_DIR; };
		0B31B96E2BCC62F0006F2078 /* ExampleUITests.swift */ = {isa = PBXFileReference; fileEncoding = 4; lastKnownFileType = sourcecode.swift; path = ExampleUITests.swift; sourceTree = "<group>"; };
		0B31B9702BCC62FD006F2078 /* ExampleTests.swift */ = {isa = PBXFileReference; fileEncoding = 4; lastKnownFileType = sourcecode.swift; path = ExampleTests.swift; sourceTree = "<group>"; };
		0B31B9752BCC6349006F2078 /* ColorModel.swift */ = {isa = PBXFileReference; fileEncoding = 4; lastKnownFileType = sourcecode.swift; path = ColorModel.swift; sourceTree = "<group>"; };
		0B31B9762BCC6349006F2078 /* Model.swift */ = {isa = PBXFileReference; fileEncoding = 4; lastKnownFileType = sourcecode.swift; path = Model.swift; sourceTree = "<group>"; };
		0B31B9772BCC6349006F2078 /* PersonModel.swift */ = {isa = PBXFileReference; fileEncoding = 4; lastKnownFileType = sourcecode.swift; path = PersonModel.swift; sourceTree = "<group>"; };
		0B31B97A2BCC6349006F2078 /* FavoriteBadgeView.swift */ = {isa = PBXFileReference; fileEncoding = 4; lastKnownFileType = sourcecode.swift; path = FavoriteBadgeView.swift; sourceTree = "<group>"; };
		0B31B97B2BCC6349006F2078 /* FavoriteBadgeViewModel.swift */ = {isa = PBXFileReference; fileEncoding = 4; lastKnownFileType = sourcecode.swift; path = FavoriteBadgeViewModel.swift; sourceTree = "<group>"; };
		0B31B97C2BCC6349006F2078 /* FooterView.swift */ = {isa = PBXFileReference; fileEncoding = 4; lastKnownFileType = sourcecode.swift; path = FooterView.swift; sourceTree = "<group>"; };
		0B31B97D2BCC6349006F2078 /* HeaderView.swift */ = {isa = PBXFileReference; fileEncoding = 4; lastKnownFileType = sourcecode.swift; path = HeaderView.swift; sourceTree = "<group>"; };
		0B31B97F2BCC6349006F2078 /* ColorCellViewModelList.swift */ = {isa = PBXFileReference; fileEncoding = 4; lastKnownFileType = sourcecode.swift; path = ColorCellViewModelList.swift; sourceTree = "<group>"; };
		0B31B9802BCC6349006F2078 /* PersonCellViewModelList.swift */ = {isa = PBXFileReference; fileEncoding = 4; lastKnownFileType = sourcecode.swift; path = PersonCellViewModelList.swift; sourceTree = "<group>"; };
		0B31B9812BCC6349006F2078 /* ListViewController.swift */ = {isa = PBXFileReference; fileEncoding = 4; lastKnownFileType = sourcecode.swift; path = ListViewController.swift; sourceTree = "<group>"; };
		0B31B9832BCC6349006F2078 /* GridColorCell.swift */ = {isa = PBXFileReference; fileEncoding = 4; lastKnownFileType = sourcecode.swift; path = GridColorCell.swift; sourceTree = "<group>"; };
		0B31B9842BCC6349006F2078 /* ColorCellViewModelGrid.swift */ = {isa = PBXFileReference; fileEncoding = 4; lastKnownFileType = sourcecode.swift; path = ColorCellViewModelGrid.swift; sourceTree = "<group>"; };
		0B31B9852BCC6349006F2078 /* GridPersonCell.swift */ = {isa = PBXFileReference; fileEncoding = 4; lastKnownFileType = sourcecode.swift; path = GridPersonCell.swift; sourceTree = "<group>"; };
		0B31B9862BCC6349006F2078 /* GridPersonCell.xib */ = {isa = PBXFileReference; fileEncoding = 4; lastKnownFileType = file.xib; path = GridPersonCell.xib; sourceTree = "<group>"; };
		0B31B9872BCC6349006F2078 /* PersonCellViewModelGrid.swift */ = {isa = PBXFileReference; fileEncoding = 4; lastKnownFileType = sourcecode.swift; path = PersonCellViewModelGrid.swift; sourceTree = "<group>"; };
		0B31B9882BCC6349006F2078 /* GridViewController.swift */ = {isa = PBXFileReference; fileEncoding = 4; lastKnownFileType = sourcecode.swift; path = GridViewController.swift; sourceTree = "<group>"; };
		0B31B98A2BCC6349006F2078 /* AppDelegate.swift */ = {isa = PBXFileReference; fileEncoding = 4; lastKnownFileType = sourcecode.swift; path = AppDelegate.swift; sourceTree = "<group>"; };
		0B31B98B2BCC6349006F2078 /* ExampleViewController.swift */ = {isa = PBXFileReference; fileEncoding = 4; lastKnownFileType = sourcecode.swift; path = ExampleViewController.swift; sourceTree = "<group>"; };
		0B31B98C2BCC6349006F2078 /* PersonViewController.swift */ = {isa = PBXFileReference; fileEncoding = 4; lastKnownFileType = sourcecode.swift; path = PersonViewController.swift; sourceTree = "<group>"; };
		0B31B98D2BCC6349006F2078 /* PersonViewController.xib */ = {isa = PBXFileReference; fileEncoding = 4; lastKnownFileType = file.xib; path = PersonViewController.xib; sourceTree = "<group>"; };
		0B31B98F2BCC6349006F2078 /* UIKit+Extensions.swift */ = {isa = PBXFileReference; fileEncoding = 4; lastKnownFileType = sourcecode.swift; path = "UIKit+Extensions.swift"; sourceTree = "<group>"; };
		0B31B9912BCC6349006F2078 /* SimpleStaticViewController.swift */ = {isa = PBXFileReference; fileEncoding = 4; lastKnownFileType = sourcecode.swift; path = SimpleStaticViewController.swift; sourceTree = "<group>"; };
		0B31B9AB2BCC63BE006F2078 /* ReactiveCollectionsKit.xcodeproj */ = {isa = PBXFileReference; lastKnownFileType = "wrapper.pb-project"; name = ReactiveCollectionsKit.xcodeproj; path = ../ReactiveCollectionsKit.xcodeproj; sourceTree = "<group>"; };
		0B31B9BE2BCC6A24006F2078 /* ColorViewController.swift */ = {isa = PBXFileReference; lastKnownFileType = sourcecode.swift; path = ColorViewController.swift; sourceTree = "<group>"; };
/* End PBXFileReference section */

/* Begin PBXFrameworksBuildPhase section */
		0B31B9382BCC62A4006F2078 /* Frameworks */ = {
			isa = PBXFrameworksBuildPhase;
			buildActionMask = 2147483647;
			files = (
				0B31B9B52BCC63D4006F2078 /* ReactiveCollectionsKit.framework in Frameworks */,
			);
			runOnlyForDeploymentPostprocessing = 0;
		};
		0B31B94E2BCC62A5006F2078 /* Frameworks */ = {
			isa = PBXFrameworksBuildPhase;
			buildActionMask = 2147483647;
			files = (
			);
			runOnlyForDeploymentPostprocessing = 0;
		};
		0B31B9582BCC62A5006F2078 /* Frameworks */ = {
			isa = PBXFrameworksBuildPhase;
			buildActionMask = 2147483647;
			files = (
			);
			runOnlyForDeploymentPostprocessing = 0;
		};
/* End PBXFrameworksBuildPhase section */

/* Begin PBXGroup section */
		0B31B9322BCC62A4006F2078 = {
			isa = PBXGroup;
			children = (
				0B31B93D2BCC62A4006F2078 /* Sources */,
				0B31B9542BCC62A5006F2078 /* Tests */,
				0B31B95E2BCC62A5006F2078 /* UITests */,
				0B31B93C2BCC62A4006F2078 /* Products */,
				0B31B9B42BCC63D4006F2078 /* Frameworks */,
				0B31B9AB2BCC63BE006F2078 /* ReactiveCollectionsKit.xcodeproj */,
			);
			sourceTree = "<group>";
		};
		0B31B93C2BCC62A4006F2078 /* Products */ = {
			isa = PBXGroup;
			children = (
				0B31B93B2BCC62A4006F2078 /* ExampleApp.app */,
				0B31B9512BCC62A5006F2078 /* ExampleAppTests.xctest */,
				0B31B95B2BCC62A5006F2078 /* ExampleAppUITests.xctest */,
			);
			name = Products;
			sourceTree = "<group>";
		};
		0B31B93D2BCC62A4006F2078 /* Sources */ = {
			isa = PBXGroup;
			children = (
				0B31B9472BCC62A5006F2078 /* Assets.xcassets */,
				0B31B9492BCC62A5006F2078 /* LaunchScreen.storyboard */,
				0B31B9902BCC6349006F2078 /* Main */,
				0B31B9BD2BCC69A4006F2078 /* ColorModel */,
				0B31B9BC2BCC6986006F2078 /* PersonModel */,
				0B31B9892BCC6349006F2078 /* Grid */,
				0B31B9822BCC6349006F2078 /* List */,
				0B31B9922BCC6349006F2078 /* SimpleStatic */,
				0B31B97E2BCC6349006F2078 /* SupplementaryViews */,
			);
			path = Sources;
			sourceTree = "<group>";
		};
		0B31B9542BCC62A5006F2078 /* Tests */ = {
			isa = PBXGroup;
			children = (
				0B31B9702BCC62FD006F2078 /* ExampleTests.swift */,
			);
			path = Tests;
			sourceTree = "<group>";
		};
		0B31B95E2BCC62A5006F2078 /* UITests */ = {
			isa = PBXGroup;
			children = (
				0B31B96E2BCC62F0006F2078 /* ExampleUITests.swift */,
			);
			path = UITests;
			sourceTree = "<group>";
		};
		0B31B97E2BCC6349006F2078 /* SupplementaryViews */ = {
			isa = PBXGroup;
			children = (
				0B31B97A2BCC6349006F2078 /* FavoriteBadgeView.swift */,
				0B31B97B2BCC6349006F2078 /* FavoriteBadgeViewModel.swift */,
				0B31B97C2BCC6349006F2078 /* FooterView.swift */,
				0B31B97D2BCC6349006F2078 /* HeaderView.swift */,
			);
			path = SupplementaryViews;
			sourceTree = "<group>";
		};
		0B31B9822BCC6349006F2078 /* List */ = {
			isa = PBXGroup;
			children = (
				0B31B9802BCC6349006F2078 /* PersonCellViewModelList.swift */,
				0B31B97F2BCC6349006F2078 /* ColorCellViewModelList.swift */,
				0B31B9812BCC6349006F2078 /* ListViewController.swift */,
				0B0B5AA42BFF0FDB0037BC02 /* EmptyView.swift */,
			);
			path = List;
			sourceTree = "<group>";
		};
		0B31B9892BCC6349006F2078 /* Grid */ = {
			isa = PBXGroup;
			children = (
				0B31B9842BCC6349006F2078 /* ColorCellViewModelGrid.swift */,
				0B31B9832BCC6349006F2078 /* GridColorCell.swift */,
				0B31B9852BCC6349006F2078 /* GridPersonCell.swift */,
				0B31B9862BCC6349006F2078 /* GridPersonCell.xib */,
				0B31B9882BCC6349006F2078 /* GridViewController.swift */,
				0B31B9872BCC6349006F2078 /* PersonCellViewModelGrid.swift */,
			);
			path = Grid;
			sourceTree = "<group>";
		};
		0B31B9902BCC6349006F2078 /* Main */ = {
			isa = PBXGroup;
			children = (
				0B31B98A2BCC6349006F2078 /* AppDelegate.swift */,
				0B31B98B2BCC6349006F2078 /* ExampleViewController.swift */,
				0B31B9762BCC6349006F2078 /* Model.swift */,
				0B31B98F2BCC6349006F2078 /* UIKit+Extensions.swift */,
			);
			path = Main;
			sourceTree = "<group>";
		};
		0B31B9922BCC6349006F2078 /* SimpleStatic */ = {
			isa = PBXGroup;
			children = (
				0B31B9912BCC6349006F2078 /* SimpleStaticViewController.swift */,
			);
			path = SimpleStatic;
			sourceTree = "<group>";
		};
		0B31B9AC2BCC63BE006F2078 /* Products */ = {
			isa = PBXGroup;
			children = (
				0B31B9B12BCC63BE006F2078 /* ReactiveCollectionsKit.framework */,
				0B31B9B32BCC63BE006F2078 /* ReactiveCollectionsKitTests.xctest */,
			);
			name = Products;
			sourceTree = "<group>";
		};
		0B31B9B42BCC63D4006F2078 /* Frameworks */ = {
			isa = PBXGroup;
			children = (
			);
			name = Frameworks;
			sourceTree = "<group>";
		};
		0B31B9BC2BCC6986006F2078 /* PersonModel */ = {
			isa = PBXGroup;
			children = (
				0B31B9772BCC6349006F2078 /* PersonModel.swift */,
				0B31B98C2BCC6349006F2078 /* PersonViewController.swift */,
				0B31B98D2BCC6349006F2078 /* PersonViewController.xib */,
			);
			path = PersonModel;
			sourceTree = "<group>";
		};
		0B31B9BD2BCC69A4006F2078 /* ColorModel */ = {
			isa = PBXGroup;
			children = (
				0B31B9752BCC6349006F2078 /* ColorModel.swift */,
				0B31B9BE2BCC6A24006F2078 /* ColorViewController.swift */,
			);
			path = ColorModel;
			sourceTree = "<group>";
		};
/* End PBXGroup section */

/* Begin PBXNativeTarget section */
		0B31B93A2BCC62A4006F2078 /* ExampleApp */ = {
			isa = PBXNativeTarget;
			buildConfigurationList = 0B31B9652BCC62A5006F2078 /* Build configuration list for PBXNativeTarget "ExampleApp" */;
			buildPhases = (
				0B31B9372BCC62A4006F2078 /* Sources */,
				0B31B9382BCC62A4006F2078 /* Frameworks */,
				0B31B9392BCC62A4006F2078 /* Resources */,
				0B31B9B72BCC63D4006F2078 /* Embed Frameworks */,
			);
			buildRules = (
			);
			dependencies = (
			);
			name = ExampleApp;
			productName = ExampleApp;
			productReference = 0B31B93B2BCC62A4006F2078 /* ExampleApp.app */;
			productType = "com.apple.product-type.application";
		};
		0B31B9502BCC62A5006F2078 /* ExampleAppTests */ = {
			isa = PBXNativeTarget;
			buildConfigurationList = 0B31B9682BCC62A5006F2078 /* Build configuration list for PBXNativeTarget "ExampleAppTests" */;
			buildPhases = (
				0B31B94D2BCC62A5006F2078 /* Sources */,
				0B31B94E2BCC62A5006F2078 /* Frameworks */,
				0B31B94F2BCC62A5006F2078 /* Resources */,
			);
			buildRules = (
			);
			dependencies = (
				0B31B9532BCC62A5006F2078 /* PBXTargetDependency */,
			);
			name = ExampleAppTests;
			productName = ExampleAppTests;
			productReference = 0B31B9512BCC62A5006F2078 /* ExampleAppTests.xctest */;
			productType = "com.apple.product-type.bundle.unit-test";
		};
		0B31B95A2BCC62A5006F2078 /* ExampleAppUITests */ = {
			isa = PBXNativeTarget;
			buildConfigurationList = 0B31B96B2BCC62A5006F2078 /* Build configuration list for PBXNativeTarget "ExampleAppUITests" */;
			buildPhases = (
				0B31B9572BCC62A5006F2078 /* Sources */,
				0B31B9582BCC62A5006F2078 /* Frameworks */,
				0B31B9592BCC62A5006F2078 /* Resources */,
			);
			buildRules = (
			);
			dependencies = (
				0B31B95D2BCC62A5006F2078 /* PBXTargetDependency */,
			);
			name = ExampleAppUITests;
			productName = ExampleAppUITests;
			productReference = 0B31B95B2BCC62A5006F2078 /* ExampleAppUITests.xctest */;
			productType = "com.apple.product-type.bundle.ui-testing";
		};
/* End PBXNativeTarget section */

/* Begin PBXProject section */
		0B31B9332BCC62A4006F2078 /* Project object */ = {
			isa = PBXProject;
			attributes = {
				BuildIndependentTargetsInParallel = 1;
				LastSwiftUpdateCheck = 1530;
				LastUpgradeCheck = 1530;
				TargetAttributes = {
					0B31B93A2BCC62A4006F2078 = {
						CreatedOnToolsVersion = 15.3;
					};
					0B31B9502BCC62A5006F2078 = {
						CreatedOnToolsVersion = 15.3;
						TestTargetID = 0B31B93A2BCC62A4006F2078;
					};
					0B31B95A2BCC62A5006F2078 = {
						CreatedOnToolsVersion = 15.3;
						TestTargetID = 0B31B93A2BCC62A4006F2078;
					};
				};
			};
			buildConfigurationList = 0B31B9362BCC62A4006F2078 /* Build configuration list for PBXProject "ExampleApp" */;
			compatibilityVersion = "Xcode 14.0";
			developmentRegion = en;
			hasScannedForEncodings = 0;
			knownRegions = (
				en,
				Base,
			);
			mainGroup = 0B31B9322BCC62A4006F2078;
			productRefGroup = 0B31B93C2BCC62A4006F2078 /* Products */;
			projectDirPath = "";
			projectReferences = (
				{
					ProductGroup = 0B31B9AC2BCC63BE006F2078 /* Products */;
					ProjectRef = 0B31B9AB2BCC63BE006F2078 /* ReactiveCollectionsKit.xcodeproj */;
				},
			);
			projectRoot = "";
			targets = (
				0B31B93A2BCC62A4006F2078 /* ExampleApp */,
				0B31B9502BCC62A5006F2078 /* ExampleAppTests */,
				0B31B95A2BCC62A5006F2078 /* ExampleAppUITests */,
			);
		};
/* End PBXProject section */

/* Begin PBXReferenceProxy section */
		0B31B9B12BCC63BE006F2078 /* ReactiveCollectionsKit.framework */ = {
			isa = PBXReferenceProxy;
			fileType = wrapper.framework;
			path = ReactiveCollectionsKit.framework;
			remoteRef = 0B31B9B02BCC63BE006F2078 /* PBXContainerItemProxy */;
			sourceTree = BUILT_PRODUCTS_DIR;
		};
		0B31B9B32BCC63BE006F2078 /* ReactiveCollectionsKitTests.xctest */ = {
			isa = PBXReferenceProxy;
			fileType = wrapper.cfbundle;
			path = ReactiveCollectionsKitTests.xctest;
			remoteRef = 0B31B9B22BCC63BE006F2078 /* PBXContainerItemProxy */;
			sourceTree = BUILT_PRODUCTS_DIR;
		};
/* End PBXReferenceProxy section */

/* Begin PBXResourcesBuildPhase section */
		0B31B9392BCC62A4006F2078 /* Resources */ = {
			isa = PBXResourcesBuildPhase;
			buildActionMask = 2147483647;
			files = (
				0B31B9A12BCC6349006F2078 /* GridPersonCell.xib in Resources */,
				0B31B9A72BCC6349006F2078 /* PersonViewController.xib in Resources */,
				0B31B9482BCC62A5006F2078 /* Assets.xcassets in Resources */,
				0B31B94B2BCC62A5006F2078 /* Base in Resources */,
			);
			runOnlyForDeploymentPostprocessing = 0;
		};
		0B31B94F2BCC62A5006F2078 /* Resources */ = {
			isa = PBXResourcesBuildPhase;
			buildActionMask = 2147483647;
			files = (
			);
			runOnlyForDeploymentPostprocessing = 0;
		};
		0B31B9592BCC62A5006F2078 /* Resources */ = {
			isa = PBXResourcesBuildPhase;
			buildActionMask = 2147483647;
			files = (
			);
			runOnlyForDeploymentPostprocessing = 0;
		};
/* End PBXResourcesBuildPhase section */

/* Begin PBXSourcesBuildPhase section */
		0B31B9372BCC62A4006F2078 /* Sources */ = {
			isa = PBXSourcesBuildPhase;
			buildActionMask = 2147483647;
			files = (
				0B31B9A02BCC6349006F2078 /* GridPersonCell.swift in Sources */,
				0B31B9A62BCC6349006F2078 /* PersonViewController.swift in Sources */,
				0B31B9A52BCC6349006F2078 /* ExampleViewController.swift in Sources */,
				0B31B9952BCC6349006F2078 /* PersonModel.swift in Sources */,
				0B31B9AA2BCC6349006F2078 /* SimpleStaticViewController.swift in Sources */,
				0B31B99C2BCC6349006F2078 /* PersonCellViewModelList.swift in Sources */,
				0B31B9992BCC6349006F2078 /* FooterView.swift in Sources */,
				0B31B99B2BCC6349006F2078 /* ColorCellViewModelList.swift in Sources */,
				0B31B9932BCC6349006F2078 /* ColorModel.swift in Sources */,
				0B0B5AA52BFF0FDB0037BC02 /* EmptyView.swift in Sources */,
				0B31B99D2BCC6349006F2078 /* ListViewController.swift in Sources */,
				0B31B9972BCC6349006F2078 /* FavoriteBadgeView.swift in Sources */,
				0B31B9A32BCC6349006F2078 /* GridViewController.swift in Sources */,
				0B31B9A22BCC6349006F2078 /* PersonCellViewModelGrid.swift in Sources */,
				0B31B99E2BCC6349006F2078 /* GridColorCell.swift in Sources */,
				0B31B9A92BCC6349006F2078 /* UIKit+Extensions.swift in Sources */,
				0B31B9982BCC6349006F2078 /* FavoriteBadgeViewModel.swift in Sources */,
				0B31B99F2BCC6349006F2078 /* ColorCellViewModelGrid.swift in Sources */,
				0B31B9942BCC6349006F2078 /* Model.swift in Sources */,
				0B31B9A42BCC6349006F2078 /* AppDelegate.swift in Sources */,
				0B31B9BF2BCC6A24006F2078 /* ColorViewController.swift in Sources */,
				0B31B99A2BCC6349006F2078 /* HeaderView.swift in Sources */,
			);
			runOnlyForDeploymentPostprocessing = 0;
		};
		0B31B94D2BCC62A5006F2078 /* Sources */ = {
			isa = PBXSourcesBuildPhase;
			buildActionMask = 2147483647;
			files = (
				0B31B9722BCC6302006F2078 /* ExampleTests.swift in Sources */,
			);
			runOnlyForDeploymentPostprocessing = 0;
		};
		0B31B9572BCC62A5006F2078 /* Sources */ = {
			isa = PBXSourcesBuildPhase;
			buildActionMask = 2147483647;
			files = (
				0B31B9732BCC6305006F2078 /* ExampleUITests.swift in Sources */,
			);
			runOnlyForDeploymentPostprocessing = 0;
		};
/* End PBXSourcesBuildPhase section */

/* Begin PBXTargetDependency section */
		0B31B9532BCC62A5006F2078 /* PBXTargetDependency */ = {
			isa = PBXTargetDependency;
			target = 0B31B93A2BCC62A4006F2078 /* ExampleApp */;
			targetProxy = 0B31B9522BCC62A5006F2078 /* PBXContainerItemProxy */;
		};
		0B31B95D2BCC62A5006F2078 /* PBXTargetDependency */ = {
			isa = PBXTargetDependency;
			target = 0B31B93A2BCC62A4006F2078 /* ExampleApp */;
			targetProxy = 0B31B95C2BCC62A5006F2078 /* PBXContainerItemProxy */;
		};
/* End PBXTargetDependency section */

/* Begin PBXVariantGroup section */
		0B31B9492BCC62A5006F2078 /* LaunchScreen.storyboard */ = {
			isa = PBXVariantGroup;
			children = (
				0B31B94A2BCC62A5006F2078 /* Base */,
			);
			name = LaunchScreen.storyboard;
			sourceTree = "<group>";
		};
/* End PBXVariantGroup section */

/* Begin XCBuildConfiguration section */
		0B31B9632BCC62A5006F2078 /* Debug */ = {
			isa = XCBuildConfiguration;
			buildSettings = {
				ALWAYS_SEARCH_USER_PATHS = NO;
				ASSETCATALOG_COMPILER_GENERATE_SWIFT_ASSET_SYMBOL_EXTENSIONS = YES;
				CLANG_ANALYZER_NONNULL = YES;
				CLANG_ANALYZER_NUMBER_OBJECT_CONVERSION = YES_AGGRESSIVE;
				CLANG_CXX_LANGUAGE_STANDARD = "gnu++20";
				CLANG_ENABLE_MODULES = YES;
				CLANG_ENABLE_OBJC_ARC = YES;
				CLANG_ENABLE_OBJC_WEAK = YES;
				CLANG_WARN_BLOCK_CAPTURE_AUTORELEASING = YES;
				CLANG_WARN_BOOL_CONVERSION = YES;
				CLANG_WARN_COMMA = YES;
				CLANG_WARN_CONSTANT_CONVERSION = YES;
				CLANG_WARN_DEPRECATED_OBJC_IMPLEMENTATIONS = YES;
				CLANG_WARN_DIRECT_OBJC_ISA_USAGE = YES_ERROR;
				CLANG_WARN_DOCUMENTATION_COMMENTS = YES;
				CLANG_WARN_EMPTY_BODY = YES;
				CLANG_WARN_ENUM_CONVERSION = YES;
				CLANG_WARN_INFINITE_RECURSION = YES;
				CLANG_WARN_INT_CONVERSION = YES;
				CLANG_WARN_NON_LITERAL_NULL_CONVERSION = YES;
				CLANG_WARN_OBJC_IMPLICIT_RETAIN_SELF = YES;
				CLANG_WARN_OBJC_LITERAL_CONVERSION = YES;
				CLANG_WARN_OBJC_ROOT_CLASS = YES_ERROR;
				CLANG_WARN_QUOTED_INCLUDE_IN_FRAMEWORK_HEADER = YES;
				CLANG_WARN_RANGE_LOOP_ANALYSIS = YES;
				CLANG_WARN_STRICT_PROTOTYPES = YES;
				CLANG_WARN_SUSPICIOUS_MOVE = YES;
				CLANG_WARN_UNGUARDED_AVAILABILITY = YES_AGGRESSIVE;
				CLANG_WARN_UNREACHABLE_CODE = YES;
				CLANG_WARN__DUPLICATE_METHOD_MATCH = YES;
				COPY_PHASE_STRIP = NO;
				CURRENT_PROJECT_VERSION = 1;
				DEBUG_INFORMATION_FORMAT = dwarf;
				ENABLE_STRICT_OBJC_MSGSEND = YES;
				ENABLE_TESTABILITY = YES;
				ENABLE_USER_SCRIPT_SANDBOXING = NO;
				GCC_C_LANGUAGE_STANDARD = gnu17;
				GCC_DYNAMIC_NO_PIC = NO;
				GCC_NO_COMMON_BLOCKS = YES;
				GCC_OPTIMIZATION_LEVEL = 0;
				GCC_PREPROCESSOR_DEFINITIONS = (
					"DEBUG=1",
					"$(inherited)",
				);
				GCC_WARN_64_TO_32_BIT_CONVERSION = YES;
				GCC_WARN_ABOUT_RETURN_TYPE = YES_ERROR;
				GCC_WARN_UNDECLARED_SELECTOR = YES;
				GCC_WARN_UNINITIALIZED_AUTOS = YES_AGGRESSIVE;
				GCC_WARN_UNUSED_FUNCTION = YES;
				GCC_WARN_UNUSED_VARIABLE = YES;
				INFOPLIST_KEY_UILaunchStoryboardName = LaunchScreen;
				INFOPLIST_KEY_UIMainStoryboardFile = Main;
				IPHONEOS_DEPLOYMENT_TARGET = 15.0;
				LOCALIZATION_PREFERS_STRING_CATALOGS = YES;
				MARKETING_VERSION = 1.0;
				MTL_ENABLE_DEBUG_INFO = INCLUDE_SOURCE;
				MTL_FAST_MATH = YES;
				ONLY_ACTIVE_ARCH = YES;
				SDKROOT = iphoneos;
				SWIFT_ACTIVE_COMPILATION_CONDITIONS = "DEBUG $(inherited)";
				SWIFT_OPTIMIZATION_LEVEL = "-Onone";
				SWIFT_VERSION = 5.0;
			};
			name = Debug;
		};
		0B31B9642BCC62A5006F2078 /* Release */ = {
			isa = XCBuildConfiguration;
			buildSettings = {
				ALWAYS_SEARCH_USER_PATHS = NO;
				ASSETCATALOG_COMPILER_GENERATE_SWIFT_ASSET_SYMBOL_EXTENSIONS = YES;
				CLANG_ANALYZER_NONNULL = YES;
				CLANG_ANALYZER_NUMBER_OBJECT_CONVERSION = YES_AGGRESSIVE;
				CLANG_CXX_LANGUAGE_STANDARD = "gnu++20";
				CLANG_ENABLE_MODULES = YES;
				CLANG_ENABLE_OBJC_ARC = YES;
				CLANG_ENABLE_OBJC_WEAK = YES;
				CLANG_WARN_BLOCK_CAPTURE_AUTORELEASING = YES;
				CLANG_WARN_BOOL_CONVERSION = YES;
				CLANG_WARN_COMMA = YES;
				CLANG_WARN_CONSTANT_CONVERSION = YES;
				CLANG_WARN_DEPRECATED_OBJC_IMPLEMENTATIONS = YES;
				CLANG_WARN_DIRECT_OBJC_ISA_USAGE = YES_ERROR;
				CLANG_WARN_DOCUMENTATION_COMMENTS = YES;
				CLANG_WARN_EMPTY_BODY = YES;
				CLANG_WARN_ENUM_CONVERSION = YES;
				CLANG_WARN_INFINITE_RECURSION = YES;
				CLANG_WARN_INT_CONVERSION = YES;
				CLANG_WARN_NON_LITERAL_NULL_CONVERSION = YES;
				CLANG_WARN_OBJC_IMPLICIT_RETAIN_SELF = YES;
				CLANG_WARN_OBJC_LITERAL_CONVERSION = YES;
				CLANG_WARN_OBJC_ROOT_CLASS = YES_ERROR;
				CLANG_WARN_QUOTED_INCLUDE_IN_FRAMEWORK_HEADER = YES;
				CLANG_WARN_RANGE_LOOP_ANALYSIS = YES;
				CLANG_WARN_STRICT_PROTOTYPES = YES;
				CLANG_WARN_SUSPICIOUS_MOVE = YES;
				CLANG_WARN_UNGUARDED_AVAILABILITY = YES_AGGRESSIVE;
				CLANG_WARN_UNREACHABLE_CODE = YES;
				CLANG_WARN__DUPLICATE_METHOD_MATCH = YES;
				COPY_PHASE_STRIP = NO;
				CURRENT_PROJECT_VERSION = 1;
				DEBUG_INFORMATION_FORMAT = "dwarf-with-dsym";
				ENABLE_NS_ASSERTIONS = NO;
				ENABLE_STRICT_OBJC_MSGSEND = YES;
				ENABLE_USER_SCRIPT_SANDBOXING = NO;
				GCC_C_LANGUAGE_STANDARD = gnu17;
				GCC_NO_COMMON_BLOCKS = YES;
				GCC_WARN_64_TO_32_BIT_CONVERSION = YES;
				GCC_WARN_ABOUT_RETURN_TYPE = YES_ERROR;
				GCC_WARN_UNDECLARED_SELECTOR = YES;
				GCC_WARN_UNINITIALIZED_AUTOS = YES_AGGRESSIVE;
				GCC_WARN_UNUSED_FUNCTION = YES;
				GCC_WARN_UNUSED_VARIABLE = YES;
				INFOPLIST_KEY_UILaunchStoryboardName = LaunchScreen;
				INFOPLIST_KEY_UIMainStoryboardFile = Main;
				IPHONEOS_DEPLOYMENT_TARGET = 15.0;
				LOCALIZATION_PREFERS_STRING_CATALOGS = YES;
				MARKETING_VERSION = 1.0;
				MTL_ENABLE_DEBUG_INFO = NO;
				MTL_FAST_MATH = YES;
				SDKROOT = iphoneos;
				SWIFT_COMPILATION_MODE = wholemodule;
				SWIFT_VERSION = 5.0;
				VALIDATE_PRODUCT = YES;
			};
			name = Release;
		};
		0B31B9662BCC62A5006F2078 /* Debug */ = {
			isa = XCBuildConfiguration;
			buildSettings = {
				ASSETCATALOG_COMPILER_APPICON_NAME = AppIcon;
				ASSETCATALOG_COMPILER_GLOBAL_ACCENT_COLOR_NAME = AccentColor;
				CODE_SIGN_STYLE = Manual;
				DEVELOPMENT_TEAM = "";
				GENERATE_INFOPLIST_FILE = YES;
				INFOPLIST_KEY_CFBundleDisplayName = "RCK Example";
				INFOPLIST_KEY_UIApplicationSupportsIndirectInputEvents = YES;
				INFOPLIST_KEY_UILaunchStoryboardName = LaunchScreen;
				INFOPLIST_KEY_UIMainStoryboardFile = "";
				INFOPLIST_KEY_UISupportedInterfaceOrientations_iPad = "UIInterfaceOrientationPortrait UIInterfaceOrientationPortraitUpsideDown UIInterfaceOrientationLandscapeLeft UIInterfaceOrientationLandscapeRight";
				INFOPLIST_KEY_UISupportedInterfaceOrientations_iPhone = "UIInterfaceOrientationPortrait UIInterfaceOrientationLandscapeLeft UIInterfaceOrientationLandscapeRight";
				LD_RUNPATH_SEARCH_PATHS = (
					"$(inherited)",
					"@executable_path/Frameworks",
				);
				PRODUCT_BUNDLE_IDENTIFIER = com.hexedbits.ExampleApp;
				PRODUCT_NAME = "$(TARGET_NAME)";
				PROVISIONING_PROFILE_SPECIFIER = "";
				SUPPORTED_PLATFORMS = "iphoneos iphonesimulator";
				SUPPORTS_MACCATALYST = NO;
				SUPPORTS_MAC_DESIGNED_FOR_IPHONE_IPAD = NO;
				SUPPORTS_XR_DESIGNED_FOR_IPHONE_IPAD = NO;
				SWIFT_EMIT_LOC_STRINGS = YES;
				TARGETED_DEVICE_FAMILY = "1,2";
			};
			name = Debug;
		};
		0B31B9672BCC62A5006F2078 /* Release */ = {
			isa = XCBuildConfiguration;
			buildSettings = {
				ASSETCATALOG_COMPILER_APPICON_NAME = AppIcon;
				ASSETCATALOG_COMPILER_GLOBAL_ACCENT_COLOR_NAME = AccentColor;
				CODE_SIGN_STYLE = Manual;
				DEVELOPMENT_TEAM = "";
				GENERATE_INFOPLIST_FILE = YES;
				INFOPLIST_KEY_CFBundleDisplayName = "RCK Example";
				INFOPLIST_KEY_UIApplicationSupportsIndirectInputEvents = YES;
				INFOPLIST_KEY_UILaunchStoryboardName = LaunchScreen;
				INFOPLIST_KEY_UIMainStoryboardFile = "";
				INFOPLIST_KEY_UISupportedInterfaceOrientations_iPad = "UIInterfaceOrientationPortrait UIInterfaceOrientationPortraitUpsideDown UIInterfaceOrientationLandscapeLeft UIInterfaceOrientationLandscapeRight";
				INFOPLIST_KEY_UISupportedInterfaceOrientations_iPhone = "UIInterfaceOrientationPortrait UIInterfaceOrientationLandscapeLeft UIInterfaceOrientationLandscapeRight";
				LD_RUNPATH_SEARCH_PATHS = (
					"$(inherited)",
					"@executable_path/Frameworks",
				);
				PRODUCT_BUNDLE_IDENTIFIER = com.hexedbits.ExampleApp;
				PRODUCT_NAME = "$(TARGET_NAME)";
				PROVISIONING_PROFILE_SPECIFIER = "";
				SUPPORTED_PLATFORMS = "iphoneos iphonesimulator";
				SUPPORTS_MACCATALYST = NO;
				SUPPORTS_MAC_DESIGNED_FOR_IPHONE_IPAD = NO;
				SUPPORTS_XR_DESIGNED_FOR_IPHONE_IPAD = NO;
				SWIFT_EMIT_LOC_STRINGS = YES;
				TARGETED_DEVICE_FAMILY = "1,2";
			};
			name = Release;
		};
		0B31B9692BCC62A5006F2078 /* Debug */ = {
			isa = XCBuildConfiguration;
			buildSettings = {
				ALWAYS_EMBED_SWIFT_STANDARD_LIBRARIES = YES;
				CODE_SIGN_STYLE = Manual;
				DEVELOPMENT_TEAM = "";
				GENERATE_INFOPLIST_FILE = YES;
				PRODUCT_BUNDLE_IDENTIFIER = com.hexedbits.ExampleAppTests;
				PRODUCT_NAME = "$(TARGET_NAME)";
				PROVISIONING_PROFILE_SPECIFIER = "";
				SUPPORTED_PLATFORMS = "iphoneos iphonesimulator";
				SUPPORTS_MACCATALYST = NO;
				SUPPORTS_MAC_DESIGNED_FOR_IPHONE_IPAD = NO;
				SUPPORTS_XR_DESIGNED_FOR_IPHONE_IPAD = NO;
				SWIFT_EMIT_LOC_STRINGS = NO;
				TARGETED_DEVICE_FAMILY = "1,2";
			};
			name = Debug;
		};
		0B31B96A2BCC62A5006F2078 /* Release */ = {
			isa = XCBuildConfiguration;
			buildSettings = {
				ALWAYS_EMBED_SWIFT_STANDARD_LIBRARIES = YES;
				CODE_SIGN_STYLE = Manual;
				DEVELOPMENT_TEAM = "";
				GENERATE_INFOPLIST_FILE = YES;
				PRODUCT_BUNDLE_IDENTIFIER = com.hexedbits.ExampleAppTests;
				PRODUCT_NAME = "$(TARGET_NAME)";
				PROVISIONING_PROFILE_SPECIFIER = "";
				SUPPORTED_PLATFORMS = "iphoneos iphonesimulator";
				SUPPORTS_MACCATALYST = NO;
				SUPPORTS_MAC_DESIGNED_FOR_IPHONE_IPAD = NO;
				SUPPORTS_XR_DESIGNED_FOR_IPHONE_IPAD = NO;
				SWIFT_EMIT_LOC_STRINGS = NO;
				TARGETED_DEVICE_FAMILY = "1,2";
			};
			name = Release;
		};
		0B31B96C2BCC62A5006F2078 /* Debug */ = {
			isa = XCBuildConfiguration;
			buildSettings = {
				ALWAYS_EMBED_SWIFT_STANDARD_LIBRARIES = YES;
				CODE_SIGN_STYLE = Manual;
				DEVELOPMENT_TEAM = "";
				GENERATE_INFOPLIST_FILE = YES;
				PRODUCT_BUNDLE_IDENTIFIER = com.hexedbits.ExampleAppUITests;
				PRODUCT_NAME = "$(TARGET_NAME)";
				PROVISIONING_PROFILE_SPECIFIER = "";
				SUPPORTED_PLATFORMS = "iphoneos iphonesimulator";
				SUPPORTS_MACCATALYST = NO;
				SUPPORTS_MAC_DESIGNED_FOR_IPHONE_IPAD = NO;
				SUPPORTS_XR_DESIGNED_FOR_IPHONE_IPAD = NO;
				SWIFT_EMIT_LOC_STRINGS = NO;
				TARGETED_DEVICE_FAMILY = "1,2";
				TEST_TARGET_NAME = ExampleApp;
			};
			name = Debug;
		};
		0B31B96D2BCC62A5006F2078 /* Release */ = {
			isa = XCBuildConfiguration;
			buildSettings = {
				ALWAYS_EMBED_SWIFT_STANDARD_LIBRARIES = YES;
				CODE_SIGN_STYLE = Manual;
				DEVELOPMENT_TEAM = "";
				GENERATE_INFOPLIST_FILE = YES;
				PRODUCT_BUNDLE_IDENTIFIER = com.hexedbits.ExampleAppUITests;
				PRODUCT_NAME = "$(TARGET_NAME)";
				PROVISIONING_PROFILE_SPECIFIER = "";
				SUPPORTED_PLATFORMS = "iphoneos iphonesimulator";
				SUPPORTS_MACCATALYST = NO;
				SUPPORTS_MAC_DESIGNED_FOR_IPHONE_IPAD = NO;
				SUPPORTS_XR_DESIGNED_FOR_IPHONE_IPAD = NO;
				SWIFT_EMIT_LOC_STRINGS = NO;
				TARGETED_DEVICE_FAMILY = "1,2";
				TEST_TARGET_NAME = ExampleApp;
			};
			name = Release;
		};
/* End XCBuildConfiguration section */

/* Begin XCConfigurationList section */
		0B31B9362BCC62A4006F2078 /* Build configuration list for PBXProject "ExampleApp" */ = {
			isa = XCConfigurationList;
			buildConfigurations = (
				0B31B9632BCC62A5006F2078 /* Debug */,
				0B31B9642BCC62A5006F2078 /* Release */,
			);
			defaultConfigurationIsVisible = 0;
			defaultConfigurationName = Release;
		};
		0B31B9652BCC62A5006F2078 /* Build configuration list for PBXNativeTarget "ExampleApp" */ = {
			isa = XCConfigurationList;
			buildConfigurations = (
				0B31B9662BCC62A5006F2078 /* Debug */,
				0B31B9672BCC62A5006F2078 /* Release */,
			);
			defaultConfigurationIsVisible = 0;
			defaultConfigurationName = Release;
		};
		0B31B9682BCC62A5006F2078 /* Build configuration list for PBXNativeTarget "ExampleAppTests" */ = {
			isa = XCConfigurationList;
			buildConfigurations = (
				0B31B9692BCC62A5006F2078 /* Debug */,
				0B31B96A2BCC62A5006F2078 /* Release */,
			);
			defaultConfigurationIsVisible = 0;
			defaultConfigurationName = Release;
		};
		0B31B96B2BCC62A5006F2078 /* Build configuration list for PBXNativeTarget "ExampleAppUITests" */ = {
			isa = XCConfigurationList;
			buildConfigurations = (
				0B31B96C2BCC62A5006F2078 /* Debug */,
				0B31B96D2BCC62A5006F2078 /* Release */,
			);
			defaultConfigurationIsVisible = 0;
			defaultConfigurationName = Release;
		};
/* End XCConfigurationList section */
	};
	rootObject = 0B31B9332BCC62A4006F2078 /* Project object */;
}
