// !$*UTF8*$!
{
	archiveVersion = 1;
	classes = {
	};
	objectVersion = 54;
	objects = {

/* Begin PBXBuildFile section */
		07C025E42C535FE7009AF8AD /* TestDebugDescriptions.swift in Sources */ = {isa = PBXBuildFile; fileRef = 07C025E32C535FE6009AF8AD /* TestDebugDescriptions.swift */; };
		07E72F9C2C3ECE86009B2387 /* DebugDescriptions.swift in Sources */ = {isa = PBXBuildFile; fileRef = 07E72F9B2C3ECE86009B2387 /* DebugDescriptions.swift */; };
		0B01476F2BBCF0330041D432 /* Collection+Extensions.swift in Sources */ = {isa = PBXBuildFile; fileRef = 0B01476E2BBCF0330041D432 /* Collection+Extensions.swift */; };
		0B0433262C2FE25C0083C8DB /* TestDiffableSnapshot.swift in Sources */ = {isa = PBXBuildFile; fileRef = 0B0433252C2FE25C0083C8DB /* TestDiffableSnapshot.swift */; };
		0B0B5AA32BFF0BDB0037BC02 /* EmptyViewProvider.swift in Sources */ = {isa = PBXBuildFile; fileRef = 0B0B5AA22BFF0BDB0037BC02 /* EmptyViewProvider.swift */; };
		0B25D73A2BFAD31C00EB3664 /* UICollectionView+Extensions.swift in Sources */ = {isa = PBXBuildFile; fileRef = 0B25D7392BFAD31C00EB3664 /* UICollectionView+Extensions.swift */; };
		0B31B9312BCC5B66006F2078 /* CellEventCoordinator.swift in Sources */ = {isa = PBXBuildFile; fileRef = 0B31B9302BCC5B66006F2078 /* CellEventCoordinator.swift */; };
		0B4245DA2C014F4B00DBEC2F /* CollectionViewDriverOptions.swift in Sources */ = {isa = PBXBuildFile; fileRef = 0B4245D92C014F4B00DBEC2F /* CollectionViewDriverOptions.swift */; };
		0B7A18EC2C2A17A700E59C35 /* TestCollectionViewModel.swift in Sources */ = {isa = PBXBuildFile; fileRef = 0B7A18EB2C2A17A700E59C35 /* TestCollectionViewModel.swift */; };
		0B7A18EF2C2A4DE300E59C35 /* FakeSupplementaryNib.xib in Resources */ = {isa = PBXBuildFile; fileRef = 0B7A18EE2C2A4DE300E59C35 /* FakeSupplementaryNib.xib */; };
		0B7A18F12C2A4E1A00E59C35 /* FakeCellNibView.swift in Sources */ = {isa = PBXBuildFile; fileRef = 0B7A18F02C2A4E1A00E59C35 /* FakeCellNibView.swift */; };
		0B7A18F32C2A4E4500E59C35 /* FakeSupplementaryNibView.swift in Sources */ = {isa = PBXBuildFile; fileRef = 0B7A18F22C2A4E4500E59C35 /* FakeSupplementaryNibView.swift */; };
		0B8C6CEC267ED08E0042DFE2 /* SupplementaryViewModel.swift in Sources */ = {isa = PBXBuildFile; fileRef = 0B8C6CEB267ED08E0042DFE2 /* SupplementaryViewModel.swift */; };
		0B8F50452C2B46A20081C0D2 /* TestBundle.swift in Sources */ = {isa = PBXBuildFile; fileRef = 0B8F50442C2B46A20081C0D2 /* TestBundle.swift */; };
		0BA0E2CA2C0303DC001FB5AA /* TestCollectionExtensions.swift in Sources */ = {isa = PBXBuildFile; fileRef = 0BA0E2C92C0303DC001FB5AA /* TestCollectionExtensions.swift */; };
		0BA0E2CC2C030445001FB5AA /* TestCollectionViewDriverOptions.swift in Sources */ = {isa = PBXBuildFile; fileRef = 0BA0E2CB2C030445001FB5AA /* TestCollectionViewDriverOptions.swift */; };
		0BA0E2CE2C0304B4001FB5AA /* TestEmptyView.swift in Sources */ = {isa = PBXBuildFile; fileRef = 0BA0E2CD2C0304B4001FB5AA /* TestEmptyView.swift */; };
		0BA0E2D02C03056D001FB5AA /* TestViewRegistration.swift in Sources */ = {isa = PBXBuildFile; fileRef = 0BA0E2CF2C03056D001FB5AA /* TestViewRegistration.swift */; };
		0BA0E2D22C030849001FB5AA /* TestViewRegistrationMethod.swift in Sources */ = {isa = PBXBuildFile; fileRef = 0BA0E2D12C030849001FB5AA /* TestViewRegistrationMethod.swift */; };
		0BA0E2D42C030AC7001FB5AA /* TestViewRegistrationViewType.swift in Sources */ = {isa = PBXBuildFile; fileRef = 0BA0E2D32C030AC7001FB5AA /* TestViewRegistrationViewType.swift */; };
		0BBB8A442C31F09D00200477 /* FakeEmptyView.swift in Sources */ = {isa = PBXBuildFile; fileRef = 0BBB8A432C31F09D00200477 /* FakeEmptyView.swift */; };
		0BBB8A462C31F56000200477 /* FakeCollectionViewController.swift in Sources */ = {isa = PBXBuildFile; fileRef = 0BBB8A452C31F56000200477 /* FakeCollectionViewController.swift */; };
		0BBB8A492C32309800200477 /* TestCollectionViewDriverReconfigure.swift in Sources */ = {isa = PBXBuildFile; fileRef = 0BBB8A482C32309800200477 /* TestCollectionViewDriverReconfigure.swift */; };
		0BC1EC28267FC37200FF774F /* SupplementaryHeaderViewModel.swift in Sources */ = {isa = PBXBuildFile; fileRef = 0BC1EC27267FC37200FF774F /* SupplementaryHeaderViewModel.swift */; };
		0BC1EC2A267FC3A000FF774F /* SupplementaryFooterViewModel.swift in Sources */ = {isa = PBXBuildFile; fileRef = 0BC1EC29267FC3A000FF774F /* SupplementaryFooterViewModel.swift */; };
		0BC1EC2C267FE71900FF774F /* ViewRegistrationProvider.swift in Sources */ = {isa = PBXBuildFile; fileRef = 0BC1EC2B267FE71900FF774F /* ViewRegistrationProvider.swift */; };
		0BC1EC2E267FF46E00FF774F /* ViewRegistration.swift in Sources */ = {isa = PBXBuildFile; fileRef = 0BC1EC2D267FF46E00FF774F /* ViewRegistration.swift */; };
		0BC546EF267923BA00E36D30 /* DiffableSnapshot.swift in Sources */ = {isa = PBXBuildFile; fileRef = 0BC546EE267923BA00E36D30 /* DiffableSnapshot.swift */; };
		0BFA77472BB8B6DB009B9C5B /* XCTestCase+Extensions.swift in Sources */ = {isa = PBXBuildFile; fileRef = 884880DD238CF02F0056F669 /* XCTestCase+Extensions.swift */; };
		0BFA77482BB8B6DB009B9C5B /* String+Extensions.swift in Sources */ = {isa = PBXBuildFile; fileRef = 0BFA77442BB8B6AC009B9C5B /* String+Extensions.swift */; };
		0BFA774C2BB8B717009B9C5B /* FakeCellViewModel.swift in Sources */ = {isa = PBXBuildFile; fileRef = 0BFA774A2BB8B714009B9C5B /* FakeCellViewModel.swift */; };
		0BFA774E2BB92DC8009B9C5B /* ViewRegistrationViewType.swift in Sources */ = {isa = PBXBuildFile; fileRef = 0BFA774D2BB92DC8009B9C5B /* ViewRegistrationViewType.swift */; };
		0BFA77502BB92E36009B9C5B /* ViewRegistrationMethod.swift in Sources */ = {isa = PBXBuildFile; fileRef = 0BFA774F2BB92E36009B9C5B /* ViewRegistrationMethod.swift */; };
		0BFBB2E82C0BF8AC000842B6 /* FakeNumberModel.swift in Sources */ = {isa = PBXBuildFile; fileRef = 0BFBB2E72C0BF8AC000842B6 /* FakeNumberModel.swift */; };
		0BFBB2EA2C0BF8B8000842B6 /* FakeTextModel.swift in Sources */ = {isa = PBXBuildFile; fileRef = 0BFBB2E92C0BF8B8000842B6 /* FakeTextModel.swift */; };
		0BFBB2EC2C0BFD1B000842B6 /* FakeCellEventCoordinator.swift in Sources */ = {isa = PBXBuildFile; fileRef = 0BFBB2EB2C0BFD1B000842B6 /* FakeCellEventCoordinator.swift */; };
		0BFBB2EE2C0C3C36000842B6 /* TestCellEventCoordinator.swift in Sources */ = {isa = PBXBuildFile; fileRef = 0BFBB2ED2C0C3C36000842B6 /* TestCellEventCoordinator.swift */; };
		0BFBB2F02C0D3C92000842B6 /* XCTestExpectation+Expectations.swift in Sources */ = {isa = PBXBuildFile; fileRef = 0BFBB2EF2C0D3C92000842B6 /* XCTestExpectation+Expectations.swift */; };
		0BFBB2F22C0D4985000842B6 /* CollectionViewDriverOptions+Extensions.swift in Sources */ = {isa = PBXBuildFile; fileRef = 0BFBB2F12C0D4985000842B6 /* CollectionViewDriverOptions+Extensions.swift */; };
		0BFBB2F92C0D4BC7000842B6 /* TestSupplementaryViewModel.swift in Sources */ = {isa = PBXBuildFile; fileRef = 0BFBB2F82C0D4BC7000842B6 /* TestSupplementaryViewModel.swift */; };
		0BFBB2FB2C0D4C34000842B6 /* FakeSupplementaryViewModel.swift in Sources */ = {isa = PBXBuildFile; fileRef = 0BFBB2FA2C0D4C34000842B6 /* FakeSupplementaryViewModel.swift */; };
		0BFBB2FE2C0DA0A7000842B6 /* FakeLayout.swift in Sources */ = {isa = PBXBuildFile; fileRef = 0BFBB2FD2C0DA0A7000842B6 /* FakeLayout.swift */; };
		88462766238FA2C8005FB389 /* FakeCellNib.xib in Resources */ = {isa = PBXBuildFile; fileRef = 88462765238FA2C8005FB389 /* FakeCellNib.xib */; };
		884880D7238CE9020056F669 /* UnitTestCase.swift in Sources */ = {isa = PBXBuildFile; fileRef = 884880D6238CE9020056F669 /* UnitTestCase.swift */; };
		884880DA238CEA1A0056F669 /* FakeCollectionView.swift in Sources */ = {isa = PBXBuildFile; fileRef = 884880D8238CE9BF0056F669 /* FakeCollectionView.swift */; };
		8872DE95238D18D5005774EA /* TestCollectionViewDriver.swift in Sources */ = {isa = PBXBuildFile; fileRef = 8872DE94238D18D5005774EA /* TestCollectionViewDriver.swift */; };
		8872DE9A238D28BE005774EA /* TestSectionViewModel.swift in Sources */ = {isa = PBXBuildFile; fileRef = 8872DE99238D28BE005774EA /* TestSectionViewModel.swift */; };
		88BD6D16238D03F100FB1846 /* TestCellViewModel.swift in Sources */ = {isa = PBXBuildFile; fileRef = 88BD6D15238D03F100FB1846 /* TestCellViewModel.swift */; };
		88BD6D1B238D127700FB1846 /* FakeCollectionViewModel.swift in Sources */ = {isa = PBXBuildFile; fileRef = 88BD6D19238D124300FB1846 /* FakeCollectionViewModel.swift */; };
		88C02079236CBCB000B43713 /* DiffableDataSource.swift in Sources */ = {isa = PBXBuildFile; fileRef = 88C02078236CBCB000B43713 /* DiffableDataSource.swift */; };
		88FA48E42363A6160061F8B2 /* ReactiveCollectionsKit.framework in Frameworks */ = {isa = PBXBuildFile; fileRef = 88FA48DA2363A6160061F8B2 /* ReactiveCollectionsKit.framework */; };
		88FA49082363A7890061F8B2 /* CollectionViewModel.swift in Sources */ = {isa = PBXBuildFile; fileRef = 88FA48F92363A7880061F8B2 /* CollectionViewModel.swift */; };
		88FA49092363A7890061F8B2 /* CollectionViewDriver.swift in Sources */ = {isa = PBXBuildFile; fileRef = 88FA48FA2363A7880061F8B2 /* CollectionViewDriver.swift */; };
		88FA490A2363A7890061F8B2 /* CellViewModel.swift in Sources */ = {isa = PBXBuildFile; fileRef = 88FA48FB2363A7880061F8B2 /* CellViewModel.swift */; };
		88FA490C2363A7890061F8B2 /* SectionViewModel.swift in Sources */ = {isa = PBXBuildFile; fileRef = 88FA48FD2363A7880061F8B2 /* SectionViewModel.swift */; };
		88FA49312363BC5F0061F8B2 /* DiffableViewModel.swift in Sources */ = {isa = PBXBuildFile; fileRef = 88FA49302363BC5F0061F8B2 /* DiffableViewModel.swift */; };
/* End PBXBuildFile section */

/* Begin PBXContainerItemProxy section */
		88FA48E52363A6160061F8B2 /* PBXContainerItemProxy */ = {
			isa = PBXContainerItemProxy;
			containerPortal = 88FA48D12363A6160061F8B2 /* Project object */;
			proxyType = 1;
			remoteGlobalIDString = 88FA48D92363A6160061F8B2;
			remoteInfo = ReactiveCollectionsKit;
		};
/* End PBXContainerItemProxy section */

/* Begin PBXFileReference section */
		07C025E32C535FE6009AF8AD /* TestDebugDescriptions.swift */ = {isa = PBXFileReference; lastKnownFileType = sourcecode.swift; path = TestDebugDescriptions.swift; sourceTree = "<group>"; };
		07E72F9B2C3ECE86009B2387 /* DebugDescriptions.swift */ = {isa = PBXFileReference; lastKnownFileType = sourcecode.swift; path = DebugDescriptions.swift; sourceTree = "<group>"; };
		0B01476E2BBCF0330041D432 /* Collection+Extensions.swift */ = {isa = PBXFileReference; lastKnownFileType = sourcecode.swift; path = "Collection+Extensions.swift"; sourceTree = "<group>"; };
		0B0433252C2FE25C0083C8DB /* TestDiffableSnapshot.swift */ = {isa = PBXFileReference; lastKnownFileType = sourcecode.swift; path = TestDiffableSnapshot.swift; sourceTree = "<group>"; };
		0B0B5AA22BFF0BDB0037BC02 /* EmptyViewProvider.swift */ = {isa = PBXFileReference; lastKnownFileType = sourcecode.swift; path = EmptyViewProvider.swift; sourceTree = "<group>"; };
		0B25D7392BFAD31C00EB3664 /* UICollectionView+Extensions.swift */ = {isa = PBXFileReference; lastKnownFileType = sourcecode.swift; path = "UICollectionView+Extensions.swift"; sourceTree = "<group>"; };
		0B31B9302BCC5B66006F2078 /* CellEventCoordinator.swift */ = {isa = PBXFileReference; fileEncoding = 4; lastKnownFileType = sourcecode.swift; path = CellEventCoordinator.swift; sourceTree = "<group>"; };
		0B4245D92C014F4B00DBEC2F /* CollectionViewDriverOptions.swift */ = {isa = PBXFileReference; lastKnownFileType = sourcecode.swift; path = CollectionViewDriverOptions.swift; sourceTree = "<group>"; };
		0B7A18EB2C2A17A700E59C35 /* TestCollectionViewModel.swift */ = {isa = PBXFileReference; lastKnownFileType = sourcecode.swift; path = TestCollectionViewModel.swift; sourceTree = "<group>"; };
		0B7A18EE2C2A4DE300E59C35 /* FakeSupplementaryNib.xib */ = {isa = PBXFileReference; fileEncoding = 4; lastKnownFileType = file.xib; path = FakeSupplementaryNib.xib; sourceTree = "<group>"; };
		0B7A18F02C2A4E1A00E59C35 /* FakeCellNibView.swift */ = {isa = PBXFileReference; lastKnownFileType = sourcecode.swift; path = FakeCellNibView.swift; sourceTree = "<group>"; };
		0B7A18F22C2A4E4500E59C35 /* FakeSupplementaryNibView.swift */ = {isa = PBXFileReference; lastKnownFileType = sourcecode.swift; path = FakeSupplementaryNibView.swift; sourceTree = "<group>"; };
		0B8C6CEB267ED08E0042DFE2 /* SupplementaryViewModel.swift */ = {isa = PBXFileReference; lastKnownFileType = sourcecode.swift; path = SupplementaryViewModel.swift; sourceTree = "<group>"; };
		0B8F50442C2B46A20081C0D2 /* TestBundle.swift */ = {isa = PBXFileReference; lastKnownFileType = sourcecode.swift; path = TestBundle.swift; sourceTree = "<group>"; };
		0BA0E2C92C0303DC001FB5AA /* TestCollectionExtensions.swift */ = {isa = PBXFileReference; lastKnownFileType = sourcecode.swift; path = TestCollectionExtensions.swift; sourceTree = "<group>"; };
		0BA0E2CB2C030445001FB5AA /* TestCollectionViewDriverOptions.swift */ = {isa = PBXFileReference; lastKnownFileType = sourcecode.swift; path = TestCollectionViewDriverOptions.swift; sourceTree = "<group>"; };
		0BA0E2CD2C0304B4001FB5AA /* TestEmptyView.swift */ = {isa = PBXFileReference; lastKnownFileType = sourcecode.swift; path = TestEmptyView.swift; sourceTree = "<group>"; };
		0BA0E2CF2C03056D001FB5AA /* TestViewRegistration.swift */ = {isa = PBXFileReference; lastKnownFileType = sourcecode.swift; path = TestViewRegistration.swift; sourceTree = "<group>"; };
		0BA0E2D12C030849001FB5AA /* TestViewRegistrationMethod.swift */ = {isa = PBXFileReference; lastKnownFileType = sourcecode.swift; path = TestViewRegistrationMethod.swift; sourceTree = "<group>"; };
		0BA0E2D32C030AC7001FB5AA /* TestViewRegistrationViewType.swift */ = {isa = PBXFileReference; lastKnownFileType = sourcecode.swift; path = TestViewRegistrationViewType.swift; sourceTree = "<group>"; };
		0BBB8A432C31F09D00200477 /* FakeEmptyView.swift */ = {isa = PBXFileReference; lastKnownFileType = sourcecode.swift; path = FakeEmptyView.swift; sourceTree = "<group>"; };
		0BBB8A452C31F56000200477 /* FakeCollectionViewController.swift */ = {isa = PBXFileReference; lastKnownFileType = sourcecode.swift; path = FakeCollectionViewController.swift; sourceTree = "<group>"; };
		0BBB8A482C32309800200477 /* TestCollectionViewDriverReconfigure.swift */ = {isa = PBXFileReference; lastKnownFileType = sourcecode.swift; path = TestCollectionViewDriverReconfigure.swift; sourceTree = "<group>"; };
		0BC1EC27267FC37200FF774F /* SupplementaryHeaderViewModel.swift */ = {isa = PBXFileReference; lastKnownFileType = sourcecode.swift; path = SupplementaryHeaderViewModel.swift; sourceTree = "<group>"; };
		0BC1EC29267FC3A000FF774F /* SupplementaryFooterViewModel.swift */ = {isa = PBXFileReference; lastKnownFileType = sourcecode.swift; path = SupplementaryFooterViewModel.swift; sourceTree = "<group>"; };
		0BC1EC2B267FE71900FF774F /* ViewRegistrationProvider.swift */ = {isa = PBXFileReference; lastKnownFileType = sourcecode.swift; path = ViewRegistrationProvider.swift; sourceTree = "<group>"; };
		0BC1EC2D267FF46E00FF774F /* ViewRegistration.swift */ = {isa = PBXFileReference; lastKnownFileType = sourcecode.swift; path = ViewRegistration.swift; sourceTree = "<group>"; };
		0BC546EE267923BA00E36D30 /* DiffableSnapshot.swift */ = {isa = PBXFileReference; lastKnownFileType = sourcecode.swift; path = DiffableSnapshot.swift; sourceTree = "<group>"; };
		0BFA77442BB8B6AC009B9C5B /* String+Extensions.swift */ = {isa = PBXFileReference; lastKnownFileType = sourcecode.swift; path = "String+Extensions.swift"; sourceTree = "<group>"; };
		0BFA774A2BB8B714009B9C5B /* FakeCellViewModel.swift */ = {isa = PBXFileReference; lastKnownFileType = sourcecode.swift; path = FakeCellViewModel.swift; sourceTree = "<group>"; };
		0BFA774D2BB92DC8009B9C5B /* ViewRegistrationViewType.swift */ = {isa = PBXFileReference; lastKnownFileType = sourcecode.swift; path = ViewRegistrationViewType.swift; sourceTree = "<group>"; };
		0BFA774F2BB92E36009B9C5B /* ViewRegistrationMethod.swift */ = {isa = PBXFileReference; lastKnownFileType = sourcecode.swift; path = ViewRegistrationMethod.swift; sourceTree = "<group>"; };
		0BFBB2E72C0BF8AC000842B6 /* FakeNumberModel.swift */ = {isa = PBXFileReference; lastKnownFileType = sourcecode.swift; path = FakeNumberModel.swift; sourceTree = "<group>"; };
		0BFBB2E92C0BF8B8000842B6 /* FakeTextModel.swift */ = {isa = PBXFileReference; lastKnownFileType = sourcecode.swift; path = FakeTextModel.swift; sourceTree = "<group>"; };
		0BFBB2EB2C0BFD1B000842B6 /* FakeCellEventCoordinator.swift */ = {isa = PBXFileReference; lastKnownFileType = sourcecode.swift; path = FakeCellEventCoordinator.swift; sourceTree = "<group>"; };
		0BFBB2ED2C0C3C36000842B6 /* TestCellEventCoordinator.swift */ = {isa = PBXFileReference; lastKnownFileType = sourcecode.swift; path = TestCellEventCoordinator.swift; sourceTree = "<group>"; };
		0BFBB2EF2C0D3C92000842B6 /* XCTestExpectation+Expectations.swift */ = {isa = PBXFileReference; lastKnownFileType = sourcecode.swift; path = "XCTestExpectation+Expectations.swift"; sourceTree = "<group>"; };
		0BFBB2F12C0D4985000842B6 /* CollectionViewDriverOptions+Extensions.swift */ = {isa = PBXFileReference; lastKnownFileType = sourcecode.swift; path = "CollectionViewDriverOptions+Extensions.swift"; sourceTree = "<group>"; };
		0BFBB2F72C0D4ADE000842B6 /* UnitTests.xctestplan */ = {isa = PBXFileReference; lastKnownFileType = text; path = UnitTests.xctestplan; sourceTree = "<group>"; };
		0BFBB2F82C0D4BC7000842B6 /* TestSupplementaryViewModel.swift */ = {isa = PBXFileReference; lastKnownFileType = sourcecode.swift; path = TestSupplementaryViewModel.swift; sourceTree = "<group>"; };
		0BFBB2FA2C0D4C34000842B6 /* FakeSupplementaryViewModel.swift */ = {isa = PBXFileReference; lastKnownFileType = sourcecode.swift; path = FakeSupplementaryViewModel.swift; sourceTree = "<group>"; };
		0BFBB2FD2C0DA0A7000842B6 /* FakeLayout.swift */ = {isa = PBXFileReference; lastKnownFileType = sourcecode.swift; path = FakeLayout.swift; sourceTree = "<group>"; };
		88462765238FA2C8005FB389 /* FakeCellNib.xib */ = {isa = PBXFileReference; lastKnownFileType = file.xib; path = FakeCellNib.xib; sourceTree = "<group>"; };
		884880D6238CE9020056F669 /* UnitTestCase.swift */ = {isa = PBXFileReference; lastKnownFileType = sourcecode.swift; path = UnitTestCase.swift; sourceTree = "<group>"; };
		884880D8238CE9BF0056F669 /* FakeCollectionView.swift */ = {isa = PBXFileReference; lastKnownFileType = sourcecode.swift; path = FakeCollectionView.swift; sourceTree = "<group>"; };
		884880DD238CF02F0056F669 /* XCTestCase+Extensions.swift */ = {isa = PBXFileReference; lastKnownFileType = sourcecode.swift; path = "XCTestCase+Extensions.swift"; sourceTree = "<group>"; };
		8872DE94238D18D5005774EA /* TestCollectionViewDriver.swift */ = {isa = PBXFileReference; lastKnownFileType = sourcecode.swift; path = TestCollectionViewDriver.swift; sourceTree = "<group>"; };
		8872DE99238D28BE005774EA /* TestSectionViewModel.swift */ = {isa = PBXFileReference; lastKnownFileType = sourcecode.swift; path = TestSectionViewModel.swift; sourceTree = "<group>"; };
		88BD6D15238D03F100FB1846 /* TestCellViewModel.swift */ = {isa = PBXFileReference; lastKnownFileType = sourcecode.swift; path = TestCellViewModel.swift; sourceTree = "<group>"; };
		88BD6D19238D124300FB1846 /* FakeCollectionViewModel.swift */ = {isa = PBXFileReference; lastKnownFileType = sourcecode.swift; path = FakeCollectionViewModel.swift; sourceTree = "<group>"; };
		88C02078236CBCB000B43713 /* DiffableDataSource.swift */ = {isa = PBXFileReference; lastKnownFileType = sourcecode.swift; path = DiffableDataSource.swift; sourceTree = "<group>"; };
		88FA48DA2363A6160061F8B2 /* ReactiveCollectionsKit.framework */ = {isa = PBXFileReference; explicitFileType = wrapper.framework; includeInIndex = 0; path = ReactiveCollectionsKit.framework; sourceTree = BUILT_PRODUCTS_DIR; };
		88FA48E32363A6160061F8B2 /* ReactiveCollectionsKitTests.xctest */ = {isa = PBXFileReference; explicitFileType = wrapper.cfbundle; includeInIndex = 0; path = ReactiveCollectionsKitTests.xctest; sourceTree = BUILT_PRODUCTS_DIR; };
		88FA48F92363A7880061F8B2 /* CollectionViewModel.swift */ = {isa = PBXFileReference; fileEncoding = 4; lastKnownFileType = sourcecode.swift; path = CollectionViewModel.swift; sourceTree = "<group>"; };
		88FA48FA2363A7880061F8B2 /* CollectionViewDriver.swift */ = {isa = PBXFileReference; fileEncoding = 4; lastKnownFileType = sourcecode.swift; path = CollectionViewDriver.swift; sourceTree = "<group>"; };
		88FA48FB2363A7880061F8B2 /* CellViewModel.swift */ = {isa = PBXFileReference; fileEncoding = 4; lastKnownFileType = sourcecode.swift; path = CellViewModel.swift; sourceTree = "<group>"; };
		88FA48FD2363A7880061F8B2 /* SectionViewModel.swift */ = {isa = PBXFileReference; fileEncoding = 4; lastKnownFileType = sourcecode.swift; path = SectionViewModel.swift; sourceTree = "<group>"; };
		88FA49302363BC5F0061F8B2 /* DiffableViewModel.swift */ = {isa = PBXFileReference; lastKnownFileType = sourcecode.swift; path = DiffableViewModel.swift; sourceTree = "<group>"; };
/* End PBXFileReference section */

/* Begin PBXFrameworksBuildPhase section */
		88FA48D72363A6160061F8B2 /* Frameworks */ = {
			isa = PBXFrameworksBuildPhase;
			buildActionMask = 2147483647;
			files = (
			);
			runOnlyForDeploymentPostprocessing = 0;
		};
		88FA48E02363A6160061F8B2 /* Frameworks */ = {
			isa = PBXFrameworksBuildPhase;
			buildActionMask = 2147483647;
			files = (
				88FA48E42363A6160061F8B2 /* ReactiveCollectionsKit.framework in Frameworks */,
			);
			runOnlyForDeploymentPostprocessing = 0;
		};
/* End PBXFrameworksBuildPhase section */

/* Begin PBXGroup section */
		0BFA77422BB8B678009B9C5B /* Fakes */ = {
			isa = PBXGroup;
			children = (
				0BFBB2EB2C0BFD1B000842B6 /* FakeCellEventCoordinator.swift */,
				88462765238FA2C8005FB389 /* FakeCellNib.xib */,
				0B7A18F02C2A4E1A00E59C35 /* FakeCellNibView.swift */,
				0BFA774A2BB8B714009B9C5B /* FakeCellViewModel.swift */,
				884880D8238CE9BF0056F669 /* FakeCollectionView.swift */,
				0BBB8A452C31F56000200477 /* FakeCollectionViewController.swift */,
				88BD6D19238D124300FB1846 /* FakeCollectionViewModel.swift */,
				0BBB8A432C31F09D00200477 /* FakeEmptyView.swift */,
				0BFBB2FD2C0DA0A7000842B6 /* FakeLayout.swift */,
				0BFBB2E72C0BF8AC000842B6 /* FakeNumberModel.swift */,
				0B7A18EE2C2A4DE300E59C35 /* FakeSupplementaryNib.xib */,
				0B7A18F22C2A4E4500E59C35 /* FakeSupplementaryNibView.swift */,
				0BFBB2FA2C0D4C34000842B6 /* FakeSupplementaryViewModel.swift */,
				0BFBB2E92C0BF8B8000842B6 /* FakeTextModel.swift */,
			);
			path = Fakes;
			sourceTree = "<group>";
		};
		0BFA77432BB8B69C009B9C5B /* Utils */ = {
			isa = PBXGroup;
			children = (
				0BFBB2F12C0D4985000842B6 /* CollectionViewDriverOptions+Extensions.swift */,
				0BFA77442BB8B6AC009B9C5B /* String+Extensions.swift */,
				0B8F50442C2B46A20081C0D2 /* TestBundle.swift */,
				884880D6238CE9020056F669 /* UnitTestCase.swift */,
				884880DD238CF02F0056F669 /* XCTestCase+Extensions.swift */,
				0BFBB2EF2C0D3C92000842B6 /* XCTestExpectation+Expectations.swift */,
			);
			path = Utils;
			sourceTree = "<group>";
		};
		0BFBB2F62C0D4A91000842B6 /* TestPlans */ = {
			isa = PBXGroup;
			children = (
				0BFBB2F72C0D4ADE000842B6 /* UnitTests.xctestplan */,
			);
			path = TestPlans;
			sourceTree = "<group>";
		};
		88FA48D02363A6160061F8B2 = {
			isa = PBXGroup;
			children = (
				88FA48DC2363A6160061F8B2 /* Sources */,
				88FA48E72363A6160061F8B2 /* Tests */,
				88FA48DB2363A6160061F8B2 /* Products */,
			);
			sourceTree = "<group>";
		};
		88FA48DB2363A6160061F8B2 /* Products */ = {
			isa = PBXGroup;
			children = (
				88FA48DA2363A6160061F8B2 /* ReactiveCollectionsKit.framework */,
				88FA48E32363A6160061F8B2 /* ReactiveCollectionsKitTests.xctest */,
			);
			name = Products;
			sourceTree = "<group>";
		};
		88FA48DC2363A6160061F8B2 /* Sources */ = {
			isa = PBXGroup;
			children = (
				0B31B9302BCC5B66006F2078 /* CellEventCoordinator.swift */,
				88FA48FB2363A7880061F8B2 /* CellViewModel.swift */,
				0B01476E2BBCF0330041D432 /* Collection+Extensions.swift */,
				88FA48FA2363A7880061F8B2 /* CollectionViewDriver.swift */,
				0B4245D92C014F4B00DBEC2F /* CollectionViewDriverOptions.swift */,
				88FA48F92363A7880061F8B2 /* CollectionViewModel.swift */,
				07E72F9B2C3ECE86009B2387 /* DebugDescriptions.swift */,
				88C02078236CBCB000B43713 /* DiffableDataSource.swift */,
				0BC546EE267923BA00E36D30 /* DiffableSnapshot.swift */,
				88FA49302363BC5F0061F8B2 /* DiffableViewModel.swift */,
				0B0B5AA22BFF0BDB0037BC02 /* EmptyViewProvider.swift */,
				88FA48FD2363A7880061F8B2 /* SectionViewModel.swift */,
				0BC1EC29267FC3A000FF774F /* SupplementaryFooterViewModel.swift */,
				0BC1EC27267FC37200FF774F /* SupplementaryHeaderViewModel.swift */,
				0B8C6CEB267ED08E0042DFE2 /* SupplementaryViewModel.swift */,
				0B25D7392BFAD31C00EB3664 /* UICollectionView+Extensions.swift */,
				0BC1EC2D267FF46E00FF774F /* ViewRegistration.swift */,
				0BFA774F2BB92E36009B9C5B /* ViewRegistrationMethod.swift */,
				0BC1EC2B267FE71900FF774F /* ViewRegistrationProvider.swift */,
				0BFA774D2BB92DC8009B9C5B /* ViewRegistrationViewType.swift */,
			);
			path = Sources;
			sourceTree = "<group>";
		};
		88FA48E72363A6160061F8B2 /* Tests */ = {
			isa = PBXGroup;
			children = (
				0BFA77422BB8B678009B9C5B /* Fakes */,
				0BFBB2ED2C0C3C36000842B6 /* TestCellEventCoordinator.swift */,
				88BD6D15238D03F100FB1846 /* TestCellViewModel.swift */,
				0BA0E2C92C0303DC001FB5AA /* TestCollectionExtensions.swift */,
				8872DE94238D18D5005774EA /* TestCollectionViewDriver.swift */,
				0BA0E2CB2C030445001FB5AA /* TestCollectionViewDriverOptions.swift */,
				0BBB8A482C32309800200477 /* TestCollectionViewDriverReconfigure.swift */,
				0B7A18EB2C2A17A700E59C35 /* TestCollectionViewModel.swift */,
				07C025E32C535FE6009AF8AD /* TestDebugDescriptions.swift */,
				0B0433252C2FE25C0083C8DB /* TestDiffableSnapshot.swift */,
				0BA0E2CD2C0304B4001FB5AA /* TestEmptyView.swift */,
				0BFBB2F62C0D4A91000842B6 /* TestPlans */,
				8872DE99238D28BE005774EA /* TestSectionViewModel.swift */,
				0BFBB2F82C0D4BC7000842B6 /* TestSupplementaryViewModel.swift */,
				0BA0E2CF2C03056D001FB5AA /* TestViewRegistration.swift */,
				0BA0E2D12C030849001FB5AA /* TestViewRegistrationMethod.swift */,
				0BA0E2D32C030AC7001FB5AA /* TestViewRegistrationViewType.swift */,
				0BFA77432BB8B69C009B9C5B /* Utils */,
			);
			path = Tests;
			sourceTree = "<group>";
		};
/* End PBXGroup section */

/* Begin PBXHeadersBuildPhase section */
		88FA48D52363A6160061F8B2 /* Headers */ = {
			isa = PBXHeadersBuildPhase;
			buildActionMask = 2147483647;
			files = (
			);
			runOnlyForDeploymentPostprocessing = 0;
		};
/* End PBXHeadersBuildPhase section */

/* Begin PBXNativeTarget section */
		88FA48D92363A6160061F8B2 /* ReactiveCollectionsKit */ = {
			isa = PBXNativeTarget;
			buildConfigurationList = 88FA48EE2363A6160061F8B2 /* Build configuration list for PBXNativeTarget "ReactiveCollectionsKit" */;
			buildPhases = (
				88FA48D52363A6160061F8B2 /* Headers */,
				88FA48D62363A6160061F8B2 /* Sources */,
				88FA48D72363A6160061F8B2 /* Frameworks */,
				88FA48D82363A6160061F8B2 /* Resources */,
				88FA49242363AF790061F8B2 /* Run SwiftLint */,
			);
			buildRules = (
			);
			dependencies = (
			);
			name = ReactiveCollectionsKit;
			productName = ReactiveCollectionsKit;
			productReference = 88FA48DA2363A6160061F8B2 /* ReactiveCollectionsKit.framework */;
			productType = "com.apple.product-type.framework";
		};
		88FA48E22363A6160061F8B2 /* ReactiveCollectionsKitTests */ = {
			isa = PBXNativeTarget;
			buildConfigurationList = 88FA48F12363A6160061F8B2 /* Build configuration list for PBXNativeTarget "ReactiveCollectionsKitTests" */;
			buildPhases = (
				88FA48DF2363A6160061F8B2 /* Sources */,
				88FA48E02363A6160061F8B2 /* Frameworks */,
				88FA48E12363A6160061F8B2 /* Resources */,
			);
			buildRules = (
			);
			dependencies = (
				88FA48E62363A6160061F8B2 /* PBXTargetDependency */,
			);
			name = ReactiveCollectionsKitTests;
			productName = ReactiveCollectionsKitTests;
			productReference = 88FA48E32363A6160061F8B2 /* ReactiveCollectionsKitTests.xctest */;
			productType = "com.apple.product-type.bundle.unit-test";
		};
/* End PBXNativeTarget section */

/* Begin PBXProject section */
		88FA48D12363A6160061F8B2 /* Project object */ = {
			isa = PBXProject;
			attributes = {
				BuildIndependentTargetsInParallel = YES;
				LastSwiftUpdateCheck = 1110;
				LastUpgradeCheck = 1520;
				ORGANIZATIONNAME = "Hexed Bits";
				TargetAttributes = {
					88FA48D92363A6160061F8B2 = {
						CreatedOnToolsVersion = 11.1;
						LastSwiftMigration = 1110;
					};
					88FA48E22363A6160061F8B2 = {
						CreatedOnToolsVersion = 11.1;
					};
				};
			};
			buildConfigurationList = 88FA48D42363A6160061F8B2 /* Build configuration list for PBXProject "ReactiveCollectionsKit" */;
			compatibilityVersion = "Xcode 12.0";
			developmentRegion = en;
			hasScannedForEncodings = 0;
			knownRegions = (
				en,
				Base,
			);
			mainGroup = 88FA48D02363A6160061F8B2;
			productRefGroup = 88FA48DB2363A6160061F8B2 /* Products */;
			projectDirPath = "";
			projectRoot = "";
			targets = (
				88FA48D92363A6160061F8B2 /* ReactiveCollectionsKit */,
				88FA48E22363A6160061F8B2 /* ReactiveCollectionsKitTests */,
			);
		};
/* End PBXProject section */

/* Begin PBXResourcesBuildPhase section */
		88FA48D82363A6160061F8B2 /* Resources */ = {
			isa = PBXResourcesBuildPhase;
			buildActionMask = 2147483647;
			files = (
			);
			runOnlyForDeploymentPostprocessing = 0;
		};
		88FA48E12363A6160061F8B2 /* Resources */ = {
			isa = PBXResourcesBuildPhase;
			buildActionMask = 2147483647;
			files = (
				0B7A18EF2C2A4DE300E59C35 /* FakeSupplementaryNib.xib in Resources */,
				88462766238FA2C8005FB389 /* FakeCellNib.xib in Resources */,
			);
			runOnlyForDeploymentPostprocessing = 0;
		};
/* End PBXResourcesBuildPhase section */

/* Begin PBXShellScriptBuildPhase section */
		88FA49242363AF790061F8B2 /* Run SwiftLint */ = {
			isa = PBXShellScriptBuildPhase;
			alwaysOutOfDate = 1;
			buildActionMask = 2147483647;
			files = (
			);
			inputFileListPaths = (
			);
			inputPaths = (
			);
			name = "Run SwiftLint";
			outputFileListPaths = (
			);
			outputPaths = (
			);
			runOnlyForDeploymentPostprocessing = 0;
			shellPath = /bin/zsh;
			shellScript = "\"${SRCROOT}/scripts/lint.zsh\"\n";
		};
/* End PBXShellScriptBuildPhase section */

/* Begin PBXSourcesBuildPhase section */
		88FA48D62363A6160061F8B2 /* Sources */ = {
			isa = PBXSourcesBuildPhase;
			buildActionMask = 2147483647;
			files = (
				88FA49092363A7890061F8B2 /* CollectionViewDriver.swift in Sources */,
				0BC1EC2A267FC3A000FF774F /* SupplementaryFooterViewModel.swift in Sources */,
				0BFA77502BB92E36009B9C5B /* ViewRegistrationMethod.swift in Sources */,
				88FA490C2363A7890061F8B2 /* SectionViewModel.swift in Sources */,
				0B4245DA2C014F4B00DBEC2F /* CollectionViewDriverOptions.swift in Sources */,
				0BC546EF267923BA00E36D30 /* DiffableSnapshot.swift in Sources */,
				0B8C6CEC267ED08E0042DFE2 /* SupplementaryViewModel.swift in Sources */,
				88C02079236CBCB000B43713 /* DiffableDataSource.swift in Sources */,
				0B31B9312BCC5B66006F2078 /* CellEventCoordinator.swift in Sources */,
				0B0B5AA32BFF0BDB0037BC02 /* EmptyViewProvider.swift in Sources */,
				88FA49312363BC5F0061F8B2 /* DiffableViewModel.swift in Sources */,
				0BC1EC2E267FF46E00FF774F /* ViewRegistration.swift in Sources */,
				0BC1EC2C267FE71900FF774F /* ViewRegistrationProvider.swift in Sources */,
				88FA49082363A7890061F8B2 /* CollectionViewModel.swift in Sources */,
				0BFA774E2BB92DC8009B9C5B /* ViewRegistrationViewType.swift in Sources */,
				0B25D73A2BFAD31C00EB3664 /* UICollectionView+Extensions.swift in Sources */,
				0B01476F2BBCF0330041D432 /* Collection+Extensions.swift in Sources */,
				07E72F9C2C3ECE86009B2387 /* DebugDescriptions.swift in Sources */,
				88FA490A2363A7890061F8B2 /* CellViewModel.swift in Sources */,
				0BC1EC28267FC37200FF774F /* SupplementaryHeaderViewModel.swift in Sources */,
			);
			runOnlyForDeploymentPostprocessing = 0;
		};
		88FA48DF2363A6160061F8B2 /* Sources */ = {
			isa = PBXSourcesBuildPhase;
			buildActionMask = 2147483647;
			files = (
				0BA0E2D42C030AC7001FB5AA /* TestViewRegistrationViewType.swift in Sources */,
				0B7A18EC2C2A17A700E59C35 /* TestCollectionViewModel.swift in Sources */,
				0BFBB2F22C0D4985000842B6 /* CollectionViewDriverOptions+Extensions.swift in Sources */,
				8872DE9A238D28BE005774EA /* TestSectionViewModel.swift in Sources */,
				0B0433262C2FE25C0083C8DB /* TestDiffableSnapshot.swift in Sources */,
				0BFBB2E82C0BF8AC000842B6 /* FakeNumberModel.swift in Sources */,
				0BFBB2F92C0D4BC7000842B6 /* TestSupplementaryViewModel.swift in Sources */,
				8872DE95238D18D5005774EA /* TestCollectionViewDriver.swift in Sources */,
				0BFBB2EE2C0C3C36000842B6 /* TestCellEventCoordinator.swift in Sources */,
				0BFBB2EA2C0BF8B8000842B6 /* FakeTextModel.swift in Sources */,
				88BD6D16238D03F100FB1846 /* TestCellViewModel.swift in Sources */,
				0BA0E2D02C03056D001FB5AA /* TestViewRegistration.swift in Sources */,
				0BFBB2FB2C0D4C34000842B6 /* FakeSupplementaryViewModel.swift in Sources */,
				0BA0E2D22C030849001FB5AA /* TestViewRegistrationMethod.swift in Sources */,
				0B8F50452C2B46A20081C0D2 /* TestBundle.swift in Sources */,
				0BA0E2CC2C030445001FB5AA /* TestCollectionViewDriverOptions.swift in Sources */,
				0BBB8A492C32309800200477 /* TestCollectionViewDriverReconfigure.swift in Sources */,
				0BFBB2EC2C0BFD1B000842B6 /* FakeCellEventCoordinator.swift in Sources */,
				07C025E42C535FE7009AF8AD /* TestDebugDescriptions.swift in Sources */,
				0BFA774C2BB8B717009B9C5B /* FakeCellViewModel.swift in Sources */,
				0B7A18F32C2A4E4500E59C35 /* FakeSupplementaryNibView.swift in Sources */,
				0BFBB2F02C0D3C92000842B6 /* XCTestExpectation+Expectations.swift in Sources */,
				0BFBB2FE2C0DA0A7000842B6 /* FakeLayout.swift in Sources */,
				88BD6D1B238D127700FB1846 /* FakeCollectionViewModel.swift in Sources */,
				0BFA77472BB8B6DB009B9C5B /* XCTestCase+Extensions.swift in Sources */,
				0BFA77482BB8B6DB009B9C5B /* String+Extensions.swift in Sources */,
				0B7A18F12C2A4E1A00E59C35 /* FakeCellNibView.swift in Sources */,
				0BA0E2CE2C0304B4001FB5AA /* TestEmptyView.swift in Sources */,
				0BBB8A462C31F56000200477 /* FakeCollectionViewController.swift in Sources */,
				884880D7238CE9020056F669 /* UnitTestCase.swift in Sources */,
				884880DA238CEA1A0056F669 /* FakeCollectionView.swift in Sources */,
				0BA0E2CA2C0303DC001FB5AA /* TestCollectionExtensions.swift in Sources */,
				0BBB8A442C31F09D00200477 /* FakeEmptyView.swift in Sources */,
			);
			runOnlyForDeploymentPostprocessing = 0;
		};
/* End PBXSourcesBuildPhase section */

/* Begin PBXTargetDependency section */
		88FA48E62363A6160061F8B2 /* PBXTargetDependency */ = {
			isa = PBXTargetDependency;
			target = 88FA48D92363A6160061F8B2 /* ReactiveCollectionsKit */;
			targetProxy = 88FA48E52363A6160061F8B2 /* PBXContainerItemProxy */;
		};
/* End PBXTargetDependency section */

/* Begin XCBuildConfiguration section */
		88FA48EC2363A6160061F8B2 /* Debug */ = {
			isa = XCBuildConfiguration;
			buildSettings = {
				ALWAYS_SEARCH_USER_PATHS = NO;
				ASSETCATALOG_COMPILER_GENERATE_SWIFT_ASSET_SYMBOL_EXTENSIONS = YES;
				CLANG_ANALYZER_NONNULL = YES;
				CLANG_ANALYZER_NUMBER_OBJECT_CONVERSION = YES_AGGRESSIVE;
				CLANG_CXX_LANGUAGE_STANDARD = "gnu++14";
				CLANG_CXX_LIBRARY = "libc++";
				CLANG_ENABLE_MODULES = YES;
				CLANG_ENABLE_OBJC_ARC = YES;
				CLANG_ENABLE_OBJC_WEAK = YES;
				CLANG_WARN_BLOCK_CAPTURE_AUTORELEASING = YES;
				CLANG_WARN_BOOL_CONVERSION = YES;
				CLANG_WARN_COMMA = YES;
				CLANG_WARN_CONSTANT_CONVERSION = YES;
				CLANG_WARN_DEPRECATED_OBJC_IMPLEMENTATIONS = YES;
				CLANG_WARN_DIRECT_OBJC_ISA_USAGE = YES_ERROR;
				CLANG_WARN_DOCUMENTATION_COMMENTS = YES;
				CLANG_WARN_EMPTY_BODY = YES;
				CLANG_WARN_ENUM_CONVERSION = YES;
				CLANG_WARN_INFINITE_RECURSION = YES;
				CLANG_WARN_INT_CONVERSION = YES;
				CLANG_WARN_NON_LITERAL_NULL_CONVERSION = YES;
				CLANG_WARN_OBJC_IMPLICIT_RETAIN_SELF = YES;
				CLANG_WARN_OBJC_LITERAL_CONVERSION = YES;
				CLANG_WARN_OBJC_ROOT_CLASS = YES_ERROR;
				CLANG_WARN_QUOTED_INCLUDE_IN_FRAMEWORK_HEADER = YES;
				CLANG_WARN_RANGE_LOOP_ANALYSIS = YES;
				CLANG_WARN_STRICT_PROTOTYPES = YES;
				CLANG_WARN_SUSPICIOUS_MOVE = YES;
				CLANG_WARN_UNGUARDED_AVAILABILITY = YES_AGGRESSIVE;
				CLANG_WARN_UNREACHABLE_CODE = YES;
				CLANG_WARN__DUPLICATE_METHOD_MATCH = YES;
				COPY_PHASE_STRIP = NO;
				CURRENT_PROJECT_VERSION = 1;
				DEBUG_INFORMATION_FORMAT = dwarf;
				ENABLE_STRICT_OBJC_MSGSEND = YES;
				ENABLE_TESTABILITY = YES;
				ENABLE_USER_SCRIPT_SANDBOXING = NO;
				GCC_C_LANGUAGE_STANDARD = gnu11;
				GCC_DYNAMIC_NO_PIC = NO;
				GCC_NO_COMMON_BLOCKS = YES;
				GCC_OPTIMIZATION_LEVEL = 0;
				GCC_PREPROCESSOR_DEFINITIONS = (
					"DEBUG=1",
					"$(inherited)",
				);
				GCC_WARN_64_TO_32_BIT_CONVERSION = YES;
				GCC_WARN_ABOUT_RETURN_TYPE = YES_ERROR;
				GCC_WARN_UNDECLARED_SELECTOR = YES;
				GCC_WARN_UNINITIALIZED_AUTOS = YES_AGGRESSIVE;
				GCC_WARN_UNUSED_FUNCTION = YES;
				GCC_WARN_UNUSED_VARIABLE = YES;
				IPHONEOS_DEPLOYMENT_TARGET = 15.0;
				MARKETING_VERSION = 1.0;
				MTL_ENABLE_DEBUG_INFO = INCLUDE_SOURCE;
				MTL_FAST_MATH = YES;
				ONLY_ACTIVE_ARCH = YES;
				SDKROOT = iphoneos;
				SWIFT_ACTIVE_COMPILATION_CONDITIONS = DEBUG;
				SWIFT_OPTIMIZATION_LEVEL = "-Onone";
				SWIFT_STRICT_CONCURRENCY = complete;
				SWIFT_VERSION = 5.0;
				TARGETED_DEVICE_FAMILY = "1,2";
				VERSIONING_SYSTEM = "apple-generic";
			};
			name = Debug;
		};
		88FA48ED2363A6160061F8B2 /* Release */ = {
			isa = XCBuildConfiguration;
			buildSettings = {
				ALWAYS_SEARCH_USER_PATHS = NO;
				ASSETCATALOG_COMPILER_GENERATE_SWIFT_ASSET_SYMBOL_EXTENSIONS = YES;
				CLANG_ANALYZER_NONNULL = YES;
				CLANG_ANALYZER_NUMBER_OBJECT_CONVERSION = YES_AGGRESSIVE;
				CLANG_CXX_LANGUAGE_STANDARD = "gnu++14";
				CLANG_CXX_LIBRARY = "libc++";
				CLANG_ENABLE_MODULES = YES;
				CLANG_ENABLE_OBJC_ARC = YES;
				CLANG_ENABLE_OBJC_WEAK = YES;
				CLANG_WARN_BLOCK_CAPTURE_AUTORELEASING = YES;
				CLANG_WARN_BOOL_CONVERSION = YES;
				CLANG_WARN_COMMA = YES;
				CLANG_WARN_CONSTANT_CONVERSION = YES;
				CLANG_WARN_DEPRECATED_OBJC_IMPLEMENTATIONS = YES;
				CLANG_WARN_DIRECT_OBJC_ISA_USAGE = YES_ERROR;
				CLANG_WARN_DOCUMENTATION_COMMENTS = YES;
				CLANG_WARN_EMPTY_BODY = YES;
				CLANG_WARN_ENUM_CONVERSION = YES;
				CLANG_WARN_INFINITE_RECURSION = YES;
				CLANG_WARN_INT_CONVERSION = YES;
				CLANG_WARN_NON_LITERAL_NULL_CONVERSION = YES;
				CLANG_WARN_OBJC_IMPLICIT_RETAIN_SELF = YES;
				CLANG_WARN_OBJC_LITERAL_CONVERSION = YES;
				CLANG_WARN_OBJC_ROOT_CLASS = YES_ERROR;
				CLANG_WARN_QUOTED_INCLUDE_IN_FRAMEWORK_HEADER = YES;
				CLANG_WARN_RANGE_LOOP_ANALYSIS = YES;
				CLANG_WARN_STRICT_PROTOTYPES = YES;
				CLANG_WARN_SUSPICIOUS_MOVE = YES;
				CLANG_WARN_UNGUARDED_AVAILABILITY = YES_AGGRESSIVE;
				CLANG_WARN_UNREACHABLE_CODE = YES;
				CLANG_WARN__DUPLICATE_METHOD_MATCH = YES;
				COPY_PHASE_STRIP = NO;
				CURRENT_PROJECT_VERSION = 1;
				DEBUG_INFORMATION_FORMAT = "dwarf-with-dsym";
				ENABLE_NS_ASSERTIONS = NO;
				ENABLE_STRICT_OBJC_MSGSEND = YES;
				ENABLE_USER_SCRIPT_SANDBOXING = NO;
				GCC_C_LANGUAGE_STANDARD = gnu11;
				GCC_NO_COMMON_BLOCKS = YES;
				GCC_WARN_64_TO_32_BIT_CONVERSION = YES;
				GCC_WARN_ABOUT_RETURN_TYPE = YES_ERROR;
				GCC_WARN_UNDECLARED_SELECTOR = YES;
				GCC_WARN_UNINITIALIZED_AUTOS = YES_AGGRESSIVE;
				GCC_WARN_UNUSED_FUNCTION = YES;
				GCC_WARN_UNUSED_VARIABLE = YES;
				IPHONEOS_DEPLOYMENT_TARGET = 15.0;
				MARKETING_VERSION = 1.0;
				MTL_ENABLE_DEBUG_INFO = NO;
				MTL_FAST_MATH = YES;
				SDKROOT = iphoneos;
				SWIFT_COMPILATION_MODE = wholemodule;
				SWIFT_OPTIMIZATION_LEVEL = "-O";
				SWIFT_STRICT_CONCURRENCY = complete;
				SWIFT_VERSION = 5.0;
				TARGETED_DEVICE_FAMILY = "1,2";
				VALIDATE_PRODUCT = YES;
				VERSIONING_SYSTEM = "apple-generic";
			};
			name = Release;
		};
		88FA48EF2363A6160061F8B2 /* Debug */ = {
			isa = XCBuildConfiguration;
			buildSettings = {
				CLANG_ENABLE_MODULES = YES;
				CODE_SIGN_IDENTITY = "Apple Development";
				CODE_SIGN_STYLE = Automatic;
				DEFINES_MODULE = YES;
				DEVELOPMENT_TEAM = "";
				DYLIB_COMPATIBILITY_VERSION = 1;
				DYLIB_CURRENT_VERSION = 1;
				DYLIB_INSTALL_NAME_BASE = "@rpath";
				ENABLE_MODULE_VERIFIER = YES;
				GENERATE_INFOPLIST_FILE = YES;
				INSTALL_PATH = "$(LOCAL_LIBRARY_DIR)/Frameworks";
				LD_RUNPATH_SEARCH_PATHS = (
					"$(inherited)",
					"@executable_path/Frameworks",
					"@loader_path/Frameworks",
				);
				MODULE_VERIFIER_SUPPORTED_LANGUAGES = "objective-c objective-c++";
				MODULE_VERIFIER_SUPPORTED_LANGUAGE_STANDARDS = "gnu11 gnu++14";
				PRODUCT_BUNDLE_IDENTIFIER = com.hexedbits.ReactiveCollectionsKit;
				PRODUCT_NAME = "$(TARGET_NAME:c99extidentifier)";
				PROVISIONING_PROFILE_SPECIFIER = "";
				SKIP_INSTALL = YES;
				SUPPORTED_PLATFORMS = "iphoneos iphonesimulator";
				SUPPORTS_MACCATALYST = NO;
				SUPPORTS_MAC_DESIGNED_FOR_IPHONE_IPAD = NO;
				SUPPORTS_XR_DESIGNED_FOR_IPHONE_IPAD = NO;
				SWIFT_OPTIMIZATION_LEVEL = "-Onone";
				TARGETED_DEVICE_FAMILY = "1,2";
			};
			name = Debug;
		};
		88FA48F02363A6160061F8B2 /* Release */ = {
			isa = XCBuildConfiguration;
			buildSettings = {
				CLANG_ENABLE_MODULES = YES;
				CODE_SIGN_IDENTITY = "Apple Development";
				CODE_SIGN_STYLE = Automatic;
				DEFINES_MODULE = YES;
				DEVELOPMENT_TEAM = "";
				DYLIB_COMPATIBILITY_VERSION = 1;
				DYLIB_CURRENT_VERSION = 1;
				DYLIB_INSTALL_NAME_BASE = "@rpath";
				ENABLE_MODULE_VERIFIER = YES;
				GENERATE_INFOPLIST_FILE = YES;
				INSTALL_PATH = "$(LOCAL_LIBRARY_DIR)/Frameworks";
				LD_RUNPATH_SEARCH_PATHS = (
					"$(inherited)",
					"@executable_path/Frameworks",
					"@loader_path/Frameworks",
				);
				MODULE_VERIFIER_SUPPORTED_LANGUAGES = "objective-c objective-c++";
				MODULE_VERIFIER_SUPPORTED_LANGUAGE_STANDARDS = "gnu11 gnu++14";
				PRODUCT_BUNDLE_IDENTIFIER = com.hexedbits.ReactiveCollectionsKit;
				PRODUCT_NAME = "$(TARGET_NAME:c99extidentifier)";
				PROVISIONING_PROFILE_SPECIFIER = "";
				SKIP_INSTALL = YES;
				SUPPORTED_PLATFORMS = "iphoneos iphonesimulator";
				SUPPORTS_MACCATALYST = NO;
				SUPPORTS_MAC_DESIGNED_FOR_IPHONE_IPAD = NO;
				SUPPORTS_XR_DESIGNED_FOR_IPHONE_IPAD = NO;
				TARGETED_DEVICE_FAMILY = "1,2";
			};
			name = Release;
		};
		88FA48F22363A6160061F8B2 /* Debug */ = {
			isa = XCBuildConfiguration;
			buildSettings = {
				ALWAYS_EMBED_SWIFT_STANDARD_LIBRARIES = YES;
				CODE_SIGN_IDENTITY = "Apple Development";
				CODE_SIGN_STYLE = Automatic;
				DEVELOPMENT_TEAM = "";
				GENERATE_INFOPLIST_FILE = YES;
				LD_RUNPATH_SEARCH_PATHS = (
					"$(inherited)",
					"@executable_path/Frameworks",
					"@loader_path/Frameworks",
				);
				PRODUCT_BUNDLE_IDENTIFIER = com.hexedbits.ReactiveCollectionsKitTests;
				PRODUCT_NAME = "$(TARGET_NAME)";
				PROVISIONING_PROFILE_SPECIFIER = "";
				SUPPORTED_PLATFORMS = "iphoneos iphonesimulator";
				SUPPORTS_MACCATALYST = NO;
				SUPPORTS_MAC_DESIGNED_FOR_IPHONE_IPAD = NO;
				SUPPORTS_XR_DESIGNED_FOR_IPHONE_IPAD = NO;
				TARGETED_DEVICE_FAMILY = "1,2";
			};
			name = Debug;
		};
		88FA48F32363A6160061F8B2 /* Release */ = {
			isa = XCBuildConfiguration;
			buildSettings = {
				ALWAYS_EMBED_SWIFT_STANDARD_LIBRARIES = YES;
				CODE_SIGN_IDENTITY = "Apple Development";
				CODE_SIGN_STYLE = Automatic;
				DEVELOPMENT_TEAM = "";
				GENERATE_INFOPLIST_FILE = YES;
				LD_RUNPATH_SEARCH_PATHS = (
					"$(inherited)",
					"@executable_path/Frameworks",
					"@loader_path/Frameworks",
				);
				PRODUCT_BUNDLE_IDENTIFIER = com.hexedbits.ReactiveCollectionsKitTests;
				PRODUCT_NAME = "$(TARGET_NAME)";
				PROVISIONING_PROFILE_SPECIFIER = "";
				SUPPORTED_PLATFORMS = "iphoneos iphonesimulator";
				SUPPORTS_MACCATALYST = NO;
				SUPPORTS_MAC_DESIGNED_FOR_IPHONE_IPAD = NO;
				SUPPORTS_XR_DESIGNED_FOR_IPHONE_IPAD = NO;
				TARGETED_DEVICE_FAMILY = "1,2";
			};
			name = Release;
		};
/* End XCBuildConfiguration section */

/* Begin XCConfigurationList section */
		88FA48D42363A6160061F8B2 /* Build configuration list for PBXProject "ReactiveCollectionsKit" */ = {
			isa = XCConfigurationList;
			buildConfigurations = (
				88FA48EC2363A6160061F8B2 /* Debug */,
				88FA48ED2363A6160061F8B2 /* Release */,
			);
			defaultConfigurationIsVisible = 0;
			defaultConfigurationName = Release;
		};
		88FA48EE2363A6160061F8B2 /* Build configuration list for PBXNativeTarget "ReactiveCollectionsKit" */ = {
			isa = XCConfigurationList;
			buildConfigurations = (
				88FA48EF2363A6160061F8B2 /* Debug */,
				88FA48F02363A6160061F8B2 /* Release */,
			);
			defaultConfigurationIsVisible = 0;
			defaultConfigurationName = Release;
		};
		88FA48F12363A6160061F8B2 /* Build configuration list for PBXNativeTarget "ReactiveCollectionsKitTests" */ = {
			isa = XCConfigurationList;
			buildConfigurations = (
				88FA48F22363A6160061F8B2 /* Debug */,
				88FA48F32363A6160061F8B2 /* Release */,
			);
			defaultConfigurationIsVisible = 0;
			defaultConfigurationName = Release;
		};
/* End XCConfigurationList section */
	};
	rootObject = 88FA48D12363A6160061F8B2 /* Project object */;
}
